{
  "version": 4,
  "terraform_version": "1.6.6",
  "serial": 373,
  "lineage": "3050f582-7c4e-d2e8-140a-324e7b11c3ec",
  "outputs": {},
  "resources": [
    {
      "mode": "managed",
      "type": "azurerm_bastion_host",
      "name": "bastion_host",
      "provider": "provider[\"registry.terraform.io/hashicorp/azurerm\"]",
      "instances": [
        {
          "schema_version": 0,
          "attributes": {
            "copy_paste_enabled": true,
            "dns_name": "bst-ce54de8f-cb60-47ae-a7f5-4c983a2c3777.bastion.azure.com",
            "file_copy_enabled": true,
            "id": "/subscriptions/dc3f097d-41a3-4f48-bcf6-7957cf874a41/resourceGroups/HybridNetworkSimRG/providers/Microsoft.Network/bastionHosts/bastion-host",
            "ip_configuration": [
              {
                "name": "config-01",
                "public_ip_address_id": "/subscriptions/dc3f097d-41a3-4f48-bcf6-7957cf874a41/resourceGroups/HybridNetworkSimRG/providers/Microsoft.Network/publicIPAddresses/pip-bastion",
                "subnet_id": "/subscriptions/dc3f097d-41a3-4f48-bcf6-7957cf874a41/resourceGroups/HybridNetworkSimRG/providers/Microsoft.Network/virtualNetworks/azurevnet/subnets/AzureBastionSubnet"
              }
            ],
            "ip_connect_enabled": false,
            "location": "australiasoutheast",
            "name": "bastion-host",
            "resource_group_name": "HybridNetworkSimRG",
            "scale_units": 2,
            "shareable_link_enabled": true,
            "sku": "Standard",
            "tags": {},
            "timeouts": null,
            "tunneling_enabled": true
          },
          "sensitive_attributes": [],
          "private": "eyJlMmJmYjczMC1lY2FhLTExZTYtOGY4OC0zNDM2M2JjN2M0YzAiOnsiY3JlYXRlIjoxODAwMDAwMDAwMDAwLCJkZWxldGUiOjE4MDAwMDAwMDAwMDAsInJlYWQiOjMwMDAwMDAwMDAwMCwidXBkYXRlIjoxODAwMDAwMDAwMDAwfX0=",
          "dependencies": [
            "azurerm_public_ip.bastion_pip",
            "azurerm_resource_group.rg",
            "azurerm_subnet.bastionsubnet",
            "azurerm_virtual_network.vnet"
          ]
        }
      ]
    },
    {
      "mode": "managed",
      "type": "azurerm_dns_a_record",
      "name": "webapp-dns-record",
      "provider": "provider[\"registry.terraform.io/hashicorp/azurerm\"]",
      "instances": [
        {
          "schema_version": 1,
          "attributes": {
            "fqdn": "webapp-dns-record.testwebapp.com.",
            "id": "/subscriptions/dc3f097d-41a3-4f48-bcf6-7957cf874a41/resourceGroups/HybridNetworkSimRG/providers/Microsoft.Network/dnsZones/testwebapp.com/A/webapp-dns-record",
            "name": "webapp-dns-record",
            "records": [
              "20.70.75.49"
            ],
            "resource_group_name": "HybridNetworkSimRG",
            "tags": {},
            "target_resource_id": "",
            "timeouts": null,
            "ttl": 300,
            "zone_name": "testwebapp.com"
          },
          "sensitive_attributes": [],
          "private": "eyJlMmJmYjczMC1lY2FhLTExZTYtOGY4OC0zNDM2M2JjN2M0YzAiOnsiY3JlYXRlIjoxODAwMDAwMDAwMDAwLCJkZWxldGUiOjE4MDAwMDAwMDAwMDAsInJlYWQiOjMwMDAwMDAwMDAwMCwidXBkYXRlIjoxODAwMDAwMDAwMDAwfSwic2NoZW1hX3ZlcnNpb24iOiIxIn0=",
          "dependencies": [
            "azurerm_dns_zone.dnszone",
            "azurerm_resource_group.rg"
          ]
        }
      ]
    },
    {
      "mode": "managed",
      "type": "azurerm_dns_zone",
      "name": "dnszone",
      "provider": "provider[\"registry.terraform.io/hashicorp/azurerm\"]",
      "instances": [
        {
          "schema_version": 2,
          "attributes": {
            "id": "/subscriptions/dc3f097d-41a3-4f48-bcf6-7957cf874a41/resourceGroups/HybridNetworkSimRG/providers/Microsoft.Network/dnsZones/testwebapp.com",
            "max_number_of_record_sets": 10000,
            "name": "testwebapp.com",
            "name_servers": [
              "ns1-35.azure-dns.com.",
              "ns2-35.azure-dns.net.",
              "ns3-35.azure-dns.org.",
              "ns4-35.azure-dns.info."
            ],
            "number_of_record_sets": 3,
            "resource_group_name": "HybridNetworkSimRG",
            "soa_record": [
              {
                "email": "azuredns-hostmaster.microsoft.com",
                "expire_time": 2419200,
                "fqdn": "testwebapp.com.",
                "host_name": "ns1-35.azure-dns.com.",
                "minimum_ttl": 300,
                "refresh_time": 3600,
                "retry_time": 300,
                "serial_number": 1,
                "tags": {},
                "ttl": 3600
              }
            ],
            "tags": {},
            "timeouts": null
          },
          "sensitive_attributes": [],
          "private": "eyJlMmJmYjczMC1lY2FhLTExZTYtOGY4OC0zNDM2M2JjN2M0YzAiOnsiY3JlYXRlIjoxODAwMDAwMDAwMDAwLCJkZWxldGUiOjE4MDAwMDAwMDAwMDAsInJlYWQiOjMwMDAwMDAwMDAwMCwidXBkYXRlIjoxODAwMDAwMDAwMDAwfSwic2NoZW1hX3ZlcnNpb24iOiIyIn0=",
          "dependencies": [
            "azurerm_resource_group.rg"
          ]
        }
      ]
    },
    {
      "mode": "managed",
      "type": "azurerm_lb",
      "name": "enpoint_lb",
      "provider": "provider[\"registry.terraform.io/hashicorp/azurerm\"]",
      "instances": [
        {
          "schema_version": 0,
          "attributes": {
            "edge_zone": "",
            "frontend_ip_configuration": [
              {
                "gateway_load_balancer_frontend_ip_configuration_id": "",
                "id": "/subscriptions/dc3f097d-41a3-4f48-bcf6-7957cf874a41/resourceGroups/HybridNetworkSimRG/providers/Microsoft.Network/loadBalancers/endpoint-lb/frontendIPConfigurations/enpoint_lb_pip",
                "inbound_nat_rules": [],
                "load_balancer_rules": [],
                "name": "enpoint_lb_pip",
                "outbound_rules": [],
                "private_ip_address": "",
                "private_ip_address_allocation": "Dynamic",
                "private_ip_address_version": "",
                "public_ip_address_id": "/subscriptions/dc3f097d-41a3-4f48-bcf6-7957cf874a41/resourceGroups/HybridNetworkSimRG/providers/Microsoft.Network/publicIPAddresses/enpoint_lb_pip",
                "public_ip_prefix_id": "",
                "subnet_id": "",
                "zones": []
              }
            ],
            "id": "/subscriptions/dc3f097d-41a3-4f48-bcf6-7957cf874a41/resourceGroups/HybridNetworkSimRG/providers/Microsoft.Network/loadBalancers/endpoint-lb",
            "location": "australiasoutheast",
            "name": "endpoint-lb",
            "private_ip_address": "",
            "private_ip_addresses": [],
            "resource_group_name": "HybridNetworkSimRG",
            "sku": "Standard",
            "sku_tier": "Regional",
            "tags": {},
            "timeouts": null
          },
          "sensitive_attributes": [],
          "private": "eyJlMmJmYjczMC1lY2FhLTExZTYtOGY4OC0zNDM2M2JjN2M0YzAiOnsiY3JlYXRlIjoxODAwMDAwMDAwMDAwLCJkZWxldGUiOjE4MDAwMDAwMDAwMDAsInJlYWQiOjMwMDAwMDAwMDAwMCwidXBkYXRlIjoxODAwMDAwMDAwMDAwfX0=",
          "dependencies": [
            "azurerm_public_ip.endpoint_lb_pip",
            "azurerm_resource_group.rg"
          ]
        }
      ]
    },
    {
      "mode": "managed",
      "type": "azurerm_lb",
      "name": "web_lb",
      "provider": "provider[\"registry.terraform.io/hashicorp/azurerm\"]",
      "instances": [
        {
          "schema_version": 0,
          "attributes": {
            "edge_zone": "",
            "frontend_ip_configuration": [
              {
                "gateway_load_balancer_frontend_ip_configuration_id": "",
                "id": "/subscriptions/dc3f097d-41a3-4f48-bcf6-7957cf874a41/resourceGroups/HybridNetworkSimRG/providers/Microsoft.Network/loadBalancers/web_lb/frontendIPConfigurations/PublicIPAddressLB",
                "inbound_nat_rules": [],
                "load_balancer_rules": [],
                "name": "PublicIPAddressLB",
                "outbound_rules": [],
                "private_ip_address": "",
                "private_ip_address_allocation": "Dynamic",
                "private_ip_address_version": "",
                "public_ip_address_id": "/subscriptions/dc3f097d-41a3-4f48-bcf6-7957cf874a41/resourceGroups/HybridNetworkSimRG/providers/Microsoft.Network/publicIPAddresses/web-lb-public-ip",
                "public_ip_prefix_id": "",
                "subnet_id": "",
                "zones": []
              }
            ],
            "id": "/subscriptions/dc3f097d-41a3-4f48-bcf6-7957cf874a41/resourceGroups/HybridNetworkSimRG/providers/Microsoft.Network/loadBalancers/web_lb",
            "location": "australiasoutheast",
            "name": "web_lb",
            "private_ip_address": "",
            "private_ip_addresses": [],
            "resource_group_name": "HybridNetworkSimRG",
            "sku": "Standard",
            "sku_tier": "Regional",
            "tags": {},
            "timeouts": null
          },
          "sensitive_attributes": [],
          "private": "eyJlMmJmYjczMC1lY2FhLTExZTYtOGY4OC0zNDM2M2JjN2M0YzAiOnsiY3JlYXRlIjoxODAwMDAwMDAwMDAwLCJkZWxldGUiOjE4MDAwMDAwMDAwMDAsInJlYWQiOjMwMDAwMDAwMDAwMCwidXBkYXRlIjoxODAwMDAwMDAwMDAwfX0=",
          "dependencies": [
            "azurerm_public_ip.lb-public-ip",
            "azurerm_resource_group.rg"
          ]
        }
      ]
    },
    {
      "mode": "managed",
      "type": "azurerm_lb_backend_address_pool",
      "name": "web_lb_backend_address_pool",
      "provider": "provider[\"registry.terraform.io/hashicorp/azurerm\"]",
      "instances": [
        {
          "schema_version": 0,
          "attributes": {
            "backend_ip_configurations": [
              "/subscriptions/dc3f097d-41a3-4f48-bcf6-7957cf874a41/resourceGroups/HybridNetworkSimRG/providers/Microsoft.Network/networkInterfaces/nic_vm_webapp2/ipConfigurations/nic_vm_webapp2-configuration",
              "/subscriptions/dc3f097d-41a3-4f48-bcf6-7957cf874a41/resourceGroups/HybridNetworkSimRG/providers/Microsoft.Network/networkInterfaces/nic_vm_webapp/ipConfigurations/nic_vm_webapp-configuration"
            ],
            "id": "/subscriptions/dc3f097d-41a3-4f48-bcf6-7957cf874a41/resourceGroups/HybridNetworkSimRG/providers/Microsoft.Network/loadBalancers/web_lb/backendAddressPools/web-backend",
            "inbound_nat_rules": [],
            "load_balancing_rules": [],
            "loadbalancer_id": "/subscriptions/dc3f097d-41a3-4f48-bcf6-7957cf874a41/resourceGroups/HybridNetworkSimRG/providers/Microsoft.Network/loadBalancers/web_lb",
            "name": "web-backend",
            "outbound_rules": [],
            "timeouts": null,
            "tunnel_interface": [],
            "virtual_network_id": ""
          },
          "sensitive_attributes": [],
          "private": "eyJlMmJmYjczMC1lY2FhLTExZTYtOGY4OC0zNDM2M2JjN2M0YzAiOnsiY3JlYXRlIjoxODAwMDAwMDAwMDAwLCJkZWxldGUiOjE4MDAwMDAwMDAwMDAsInJlYWQiOjMwMDAwMDAwMDAwMCwidXBkYXRlIjoxODAwMDAwMDAwMDAwfX0=",
          "dependencies": [
            "azurerm_lb.web_lb",
            "azurerm_public_ip.lb-public-ip",
            "azurerm_resource_group.rg"
          ]
        }
      ]
    },
    {
      "mode": "managed",
      "type": "azurerm_linux_virtual_machine",
      "name": "vm_admin",
      "provider": "provider[\"registry.terraform.io/hashicorp/azurerm\"]",
      "instances": [
        {
          "schema_version": 0,
          "attributes": {
            "additional_capabilities": [],
            "admin_password": null,
            "admin_ssh_key": [
              {
                "public_key": "ssh-rsa AAAAB3NzaC1yc2EAAAADAQABAAACAQC7VUKz+MNtCOm4Fz6HgpH4Msy6U+GNXMqGkCPQztUmmUHMNfAE+1ZLtkR0jAo+THQqUjmbHo0zB+EmVPV17HqH4inlceHa3ihkpS+YqUZZsI1v5zLnB/20U0PIOoiuJgAn5H8MeR6/pvh5bQphIRs/EVPyEv7lvk4mobjouTvf475LfB4JEv8xonvEsWfWpplQkY8XLWDXM3xAhhvh6WDk9SigkKAHV/p6zyoAqxc0CCsYOZY+e8zMeA+Xq3kL0hBWGZ75CHzVLa8I5XDZ88f2PY8OHgjpCPsmaN5mtkONkxyEooBxgZ0e/pvsL2rWkpqvEGGAN9DhRuueV+gOGN2VK56n0YsMZvZLR4zp+pN+wuCI0bamzHvmjX7AtDM2GOwaUFkpL4vw8vaALCrF2U7MXirQoMsdAlLwB1Tf/b+Xo/fJ5wEUeOIb/LZ/Zdwq0aP3cGK12ACHj93zsPsst7QA3E6jyGMRKlkEWSwJYzKLV11wEavxR03fs0LXzNrE852ozR5rbTFPMqD0rTGX43DVvaUluKBVu+8ZwBwZVXlYXr/zQDIPvq6qdHvdqfGShzg2Y9htkMEII3JiFMVUTx4SEjyxE09+Pp/6PlVtwFQ3INMfMVIQzwRakDqvdiIMvgfGnDJrrTcP7gEXIGvno/Oq0fMIHoHqs7yD1QpL/Zr2YQ==\n",
                "username": "vm-azureuser"
              }
            ],
            "admin_username": "vm-azureuser",
            "allow_extension_operations": true,
            "availability_set_id": "",
            "boot_diagnostics": [],
            "bypass_platform_safety_checks_on_user_schedule_enabled": false,
            "capacity_reservation_group_id": "",
            "computer_name": "vm-admin",
            "custom_data": null,
            "dedicated_host_group_id": "",
            "dedicated_host_id": "",
            "disable_password_authentication": true,
            "edge_zone": "",
            "encryption_at_host_enabled": false,
            "eviction_policy": "",
            "extensions_time_budget": "PT1H30M",
            "gallery_application": [],
            "id": "/subscriptions/dc3f097d-41a3-4f48-bcf6-7957cf874a41/resourceGroups/HybridNetworkSimRG/providers/Microsoft.Compute/virtualMachines/vm-admin",
            "identity": [],
            "license_type": "",
            "location": "australiasoutheast",
            "max_bid_price": -1,
            "name": "vm-admin",
            "network_interface_ids": [
              "/subscriptions/dc3f097d-41a3-4f48-bcf6-7957cf874a41/resourceGroups/HybridNetworkSimRG/providers/Microsoft.Network/networkInterfaces/nic_vm_admin"
            ],
            "os_disk": [
              {
                "caching": "ReadWrite",
                "diff_disk_settings": [],
                "disk_encryption_set_id": "",
                "disk_size_gb": 30,
                "name": "disk-os-admin",
                "secure_vm_disk_encryption_set_id": "",
                "security_encryption_type": "",
                "storage_account_type": "Standard_LRS",
                "write_accelerator_enabled": false
              }
            ],
            "patch_assessment_mode": "ImageDefault",
            "patch_mode": "ImageDefault",
            "plan": [],
            "platform_fault_domain": -1,
            "priority": "Regular",
            "private_ip_address": "10.0.3.4",
            "private_ip_addresses": [
              "10.0.3.4"
            ],
            "provision_vm_agent": true,
            "proximity_placement_group_id": "",
            "public_ip_address": "",
            "public_ip_addresses": [],
            "reboot_setting": "",
            "resource_group_name": "HybridNetworkSimRG",
            "secret": [],
            "secure_boot_enabled": false,
            "size": "Standard_B1ls",
            "source_image_id": "",
            "source_image_reference": [
              {
                "offer": "UbuntuServer",
                "publisher": "Canonical",
                "sku": "18.04-LTS",
                "version": "latest"
              }
            ],
            "tags": {},
            "termination_notification": [],
            "timeouts": null,
            "user_data": "",
            "virtual_machine_id": "b004adbb-38d2-457d-89b4-8c9467035e84",
            "virtual_machine_scale_set_id": "",
            "vtpm_enabled": false,
            "zone": ""
          },
          "sensitive_attributes": [],
          "private": "eyJlMmJmYjczMC1lY2FhLTExZTYtOGY4OC0zNDM2M2JjN2M0YzAiOnsiY3JlYXRlIjoyNzAwMDAwMDAwMDAwLCJkZWxldGUiOjI3MDAwMDAwMDAwMDAsInJlYWQiOjMwMDAwMDAwMDAwMCwidXBkYXRlIjoyNzAwMDAwMDAwMDAwfX0=",
          "dependencies": [
            "azurerm_network_interface.nic_vm_admin",
            "azurerm_resource_group.rg",
            "azurerm_subnet.adminsubnet",
            "azurerm_virtual_network.vnet",
            "tls_private_key.vm_ssh"
          ]
        }
      ]
    },
    {
      "mode": "managed",
      "type": "azurerm_linux_virtual_machine",
      "name": "vm_database",
      "provider": "provider[\"registry.terraform.io/hashicorp/azurerm\"]",
      "instances": [
        {
          "schema_version": 0,
          "attributes": {
            "additional_capabilities": [],
            "admin_password": null,
            "admin_ssh_key": [
              {
                "public_key": "ssh-rsa AAAAB3NzaC1yc2EAAAADAQABAAACAQC7VUKz+MNtCOm4Fz6HgpH4Msy6U+GNXMqGkCPQztUmmUHMNfAE+1ZLtkR0jAo+THQqUjmbHo0zB+EmVPV17HqH4inlceHa3ihkpS+YqUZZsI1v5zLnB/20U0PIOoiuJgAn5H8MeR6/pvh5bQphIRs/EVPyEv7lvk4mobjouTvf475LfB4JEv8xonvEsWfWpplQkY8XLWDXM3xAhhvh6WDk9SigkKAHV/p6zyoAqxc0CCsYOZY+e8zMeA+Xq3kL0hBWGZ75CHzVLa8I5XDZ88f2PY8OHgjpCPsmaN5mtkONkxyEooBxgZ0e/pvsL2rWkpqvEGGAN9DhRuueV+gOGN2VK56n0YsMZvZLR4zp+pN+wuCI0bamzHvmjX7AtDM2GOwaUFkpL4vw8vaALCrF2U7MXirQoMsdAlLwB1Tf/b+Xo/fJ5wEUeOIb/LZ/Zdwq0aP3cGK12ACHj93zsPsst7QA3E6jyGMRKlkEWSwJYzKLV11wEavxR03fs0LXzNrE852ozR5rbTFPMqD0rTGX43DVvaUluKBVu+8ZwBwZVXlYXr/zQDIPvq6qdHvdqfGShzg2Y9htkMEII3JiFMVUTx4SEjyxE09+Pp/6PlVtwFQ3INMfMVIQzwRakDqvdiIMvgfGnDJrrTcP7gEXIGvno/Oq0fMIHoHqs7yD1QpL/Zr2YQ==\n",
                "username": "vm-azureuser"
              }
            ],
            "admin_username": "vm-azureuser",
            "allow_extension_operations": true,
            "availability_set_id": "",
            "boot_diagnostics": [],
            "bypass_platform_safety_checks_on_user_schedule_enabled": false,
            "capacity_reservation_group_id": "",
            "computer_name": "vm-database",
            "custom_data": null,
            "dedicated_host_group_id": "",
            "dedicated_host_id": "",
            "disable_password_authentication": true,
            "edge_zone": "",
            "encryption_at_host_enabled": false,
            "eviction_policy": "",
            "extensions_time_budget": "PT1H30M",
            "gallery_application": [],
            "id": "/subscriptions/dc3f097d-41a3-4f48-bcf6-7957cf874a41/resourceGroups/HybridNetworkSimRG/providers/Microsoft.Compute/virtualMachines/vm-dabatase",
            "identity": [],
            "license_type": "",
            "location": "australiasoutheast",
            "max_bid_price": -1,
            "name": "vm-dabatase",
            "network_interface_ids": [
              "/subscriptions/dc3f097d-41a3-4f48-bcf6-7957cf874a41/resourceGroups/HybridNetworkSimRG/providers/Microsoft.Network/networkInterfaces/nic_vm_database"
            ],
            "os_disk": [
              {
                "caching": "ReadWrite",
                "diff_disk_settings": [],
                "disk_encryption_set_id": "",
                "disk_size_gb": 30,
                "name": "disk-os-database",
                "secure_vm_disk_encryption_set_id": "",
                "security_encryption_type": "",
                "storage_account_type": "Standard_LRS",
                "write_accelerator_enabled": false
              }
            ],
            "patch_assessment_mode": "ImageDefault",
            "patch_mode": "ImageDefault",
            "plan": [],
            "platform_fault_domain": -1,
            "priority": "Regular",
            "private_ip_address": "10.0.2.4",
            "private_ip_addresses": [
              "10.0.2.4"
            ],
            "provision_vm_agent": true,
            "proximity_placement_group_id": "",
            "public_ip_address": "",
            "public_ip_addresses": [],
            "reboot_setting": "",
            "resource_group_name": "HybridNetworkSimRG",
            "secret": [],
            "secure_boot_enabled": false,
            "size": "Standard_B1ls",
            "source_image_id": "",
            "source_image_reference": [
              {
                "offer": "UbuntuServer",
                "publisher": "Canonical",
                "sku": "18.04-LTS",
                "version": "latest"
              }
            ],
            "tags": {},
            "termination_notification": [],
            "timeouts": null,
            "user_data": "",
            "virtual_machine_id": "246cc36a-5a05-403a-8344-2b1f2b30ea98",
            "virtual_machine_scale_set_id": "",
            "vtpm_enabled": false,
            "zone": ""
          },
          "sensitive_attributes": [],
          "private": "eyJlMmJmYjczMC1lY2FhLTExZTYtOGY4OC0zNDM2M2JjN2M0YzAiOnsiY3JlYXRlIjoyNzAwMDAwMDAwMDAwLCJkZWxldGUiOjI3MDAwMDAwMDAwMDAsInJlYWQiOjMwMDAwMDAwMDAwMCwidXBkYXRlIjoyNzAwMDAwMDAwMDAwfX0=",
          "dependencies": [
            "azurerm_network_interface.nic_vm_database",
            "azurerm_resource_group.rg",
            "azurerm_subnet.databasesubnet",
            "azurerm_virtual_network.vnet",
            "tls_private_key.vm_ssh"
          ]
        }
      ]
    },
    {
      "mode": "managed",
      "type": "azurerm_linux_virtual_machine",
      "name": "vm_webapp",
      "provider": "provider[\"registry.terraform.io/hashicorp/azurerm\"]",
      "instances": [
        {
          "schema_version": 0,
          "attributes": {
            "additional_capabilities": [],
            "admin_password": null,
            "admin_ssh_key": [
              {
                "public_key": "ssh-rsa AAAAB3NzaC1yc2EAAAADAQABAAACAQC7VUKz+MNtCOm4Fz6HgpH4Msy6U+GNXMqGkCPQztUmmUHMNfAE+1ZLtkR0jAo+THQqUjmbHo0zB+EmVPV17HqH4inlceHa3ihkpS+YqUZZsI1v5zLnB/20U0PIOoiuJgAn5H8MeR6/pvh5bQphIRs/EVPyEv7lvk4mobjouTvf475LfB4JEv8xonvEsWfWpplQkY8XLWDXM3xAhhvh6WDk9SigkKAHV/p6zyoAqxc0CCsYOZY+e8zMeA+Xq3kL0hBWGZ75CHzVLa8I5XDZ88f2PY8OHgjpCPsmaN5mtkONkxyEooBxgZ0e/pvsL2rWkpqvEGGAN9DhRuueV+gOGN2VK56n0YsMZvZLR4zp+pN+wuCI0bamzHvmjX7AtDM2GOwaUFkpL4vw8vaALCrF2U7MXirQoMsdAlLwB1Tf/b+Xo/fJ5wEUeOIb/LZ/Zdwq0aP3cGK12ACHj93zsPsst7QA3E6jyGMRKlkEWSwJYzKLV11wEavxR03fs0LXzNrE852ozR5rbTFPMqD0rTGX43DVvaUluKBVu+8ZwBwZVXlYXr/zQDIPvq6qdHvdqfGShzg2Y9htkMEII3JiFMVUTx4SEjyxE09+Pp/6PlVtwFQ3INMfMVIQzwRakDqvdiIMvgfGnDJrrTcP7gEXIGvno/Oq0fMIHoHqs7yD1QpL/Zr2YQ==\n",
                "username": "vm-azureuser"
              }
            ],
            "admin_username": "vm-azureuser",
            "allow_extension_operations": true,
            "availability_set_id": "",
            "boot_diagnostics": [],
            "bypass_platform_safety_checks_on_user_schedule_enabled": false,
            "capacity_reservation_group_id": "",
            "computer_name": "vm-webapp",
            "custom_data": null,
            "dedicated_host_group_id": "",
            "dedicated_host_id": "",
            "disable_password_authentication": true,
            "edge_zone": "",
            "encryption_at_host_enabled": false,
            "eviction_policy": "",
            "extensions_time_budget": "PT1H30M",
            "gallery_application": [],
            "id": "/subscriptions/dc3f097d-41a3-4f48-bcf6-7957cf874a41/resourceGroups/HybridNetworkSimRG/providers/Microsoft.Compute/virtualMachines/vm-webapp",
            "identity": [],
            "license_type": "",
            "location": "australiasoutheast",
            "max_bid_price": -1,
            "name": "vm-webapp",
            "network_interface_ids": [
              "/subscriptions/dc3f097d-41a3-4f48-bcf6-7957cf874a41/resourceGroups/HybridNetworkSimRG/providers/Microsoft.Network/networkInterfaces/nic_vm_webapp"
            ],
            "os_disk": [
              {
                "caching": "ReadWrite",
                "diff_disk_settings": [],
                "disk_encryption_set_id": "",
                "disk_size_gb": 30,
                "name": "disk-os-webapp",
                "secure_vm_disk_encryption_set_id": "",
                "security_encryption_type": "",
                "storage_account_type": "Standard_LRS",
                "write_accelerator_enabled": false
              }
            ],
            "patch_assessment_mode": "ImageDefault",
            "patch_mode": "ImageDefault",
            "plan": [],
            "platform_fault_domain": -1,
            "priority": "Regular",
            "private_ip_address": "10.0.1.5",
            "private_ip_addresses": [
              "10.0.1.5"
            ],
            "provision_vm_agent": true,
            "proximity_placement_group_id": "",
            "public_ip_address": "",
            "public_ip_addresses": [],
            "reboot_setting": "",
            "resource_group_name": "HybridNetworkSimRG",
            "secret": [],
            "secure_boot_enabled": false,
            "size": "Standard_B1ls",
            "source_image_id": "",
            "source_image_reference": [
              {
                "offer": "UbuntuServer",
                "publisher": "Canonical",
                "sku": "18.04-LTS",
                "version": "latest"
              }
            ],
            "tags": {},
            "termination_notification": [],
            "timeouts": null,
            "user_data": "",
            "virtual_machine_id": "65a0fc6e-e741-4200-b190-210b8a432105",
            "virtual_machine_scale_set_id": "",
            "vtpm_enabled": false,
            "zone": ""
          },
          "sensitive_attributes": [],
          "private": "eyJlMmJmYjczMC1lY2FhLTExZTYtOGY4OC0zNDM2M2JjN2M0YzAiOnsiY3JlYXRlIjoyNzAwMDAwMDAwMDAwLCJkZWxldGUiOjI3MDAwMDAwMDAwMDAsInJlYWQiOjMwMDAwMDAwMDAwMCwidXBkYXRlIjoyNzAwMDAwMDAwMDAwfX0=",
          "dependencies": [
            "azurerm_network_interface.nic_vm_webapp",
            "azurerm_resource_group.rg",
            "azurerm_subnet.webappsubnet",
            "azurerm_virtual_network.vnet",
            "tls_private_key.vm_ssh"
          ]
        }
      ]
    },
    {
      "mode": "managed",
      "type": "azurerm_linux_virtual_machine",
      "name": "vm_webapp2",
      "provider": "provider[\"registry.terraform.io/hashicorp/azurerm\"]",
      "instances": [
        {
          "schema_version": 0,
          "attributes": {
            "additional_capabilities": [],
            "admin_password": null,
            "admin_ssh_key": [
              {
                "public_key": "ssh-rsa AAAAB3NzaC1yc2EAAAADAQABAAACAQC7VUKz+MNtCOm4Fz6HgpH4Msy6U+GNXMqGkCPQztUmmUHMNfAE+1ZLtkR0jAo+THQqUjmbHo0zB+EmVPV17HqH4inlceHa3ihkpS+YqUZZsI1v5zLnB/20U0PIOoiuJgAn5H8MeR6/pvh5bQphIRs/EVPyEv7lvk4mobjouTvf475LfB4JEv8xonvEsWfWpplQkY8XLWDXM3xAhhvh6WDk9SigkKAHV/p6zyoAqxc0CCsYOZY+e8zMeA+Xq3kL0hBWGZ75CHzVLa8I5XDZ88f2PY8OHgjpCPsmaN5mtkONkxyEooBxgZ0e/pvsL2rWkpqvEGGAN9DhRuueV+gOGN2VK56n0YsMZvZLR4zp+pN+wuCI0bamzHvmjX7AtDM2GOwaUFkpL4vw8vaALCrF2U7MXirQoMsdAlLwB1Tf/b+Xo/fJ5wEUeOIb/LZ/Zdwq0aP3cGK12ACHj93zsPsst7QA3E6jyGMRKlkEWSwJYzKLV11wEavxR03fs0LXzNrE852ozR5rbTFPMqD0rTGX43DVvaUluKBVu+8ZwBwZVXlYXr/zQDIPvq6qdHvdqfGShzg2Y9htkMEII3JiFMVUTx4SEjyxE09+Pp/6PlVtwFQ3INMfMVIQzwRakDqvdiIMvgfGnDJrrTcP7gEXIGvno/Oq0fMIHoHqs7yD1QpL/Zr2YQ==\n",
                "username": "vm-azureuser"
              }
            ],
            "admin_username": "vm-azureuser",
            "allow_extension_operations": true,
            "availability_set_id": "",
            "boot_diagnostics": [],
            "bypass_platform_safety_checks_on_user_schedule_enabled": false,
            "capacity_reservation_group_id": "",
            "computer_name": "vm-webapp2",
            "custom_data": null,
            "dedicated_host_group_id": "",
            "dedicated_host_id": "",
            "disable_password_authentication": true,
            "edge_zone": "",
            "encryption_at_host_enabled": false,
            "eviction_policy": "",
            "extensions_time_budget": "PT1H30M",
            "gallery_application": [],
            "id": "/subscriptions/dc3f097d-41a3-4f48-bcf6-7957cf874a41/resourceGroups/HybridNetworkSimRG/providers/Microsoft.Compute/virtualMachines/vm-webapp2",
            "identity": [],
            "license_type": "",
            "location": "australiasoutheast",
            "max_bid_price": -1,
            "name": "vm-webapp2",
            "network_interface_ids": [
              "/subscriptions/dc3f097d-41a3-4f48-bcf6-7957cf874a41/resourceGroups/HybridNetworkSimRG/providers/Microsoft.Network/networkInterfaces/nic_vm_webapp2"
            ],
            "os_disk": [
              {
                "caching": "ReadWrite",
                "diff_disk_settings": [],
                "disk_encryption_set_id": "",
                "disk_size_gb": 30,
                "name": "disk-os-webapp2",
                "secure_vm_disk_encryption_set_id": "",
                "security_encryption_type": "",
                "storage_account_type": "Standard_LRS",
                "write_accelerator_enabled": false
              }
            ],
            "patch_assessment_mode": "ImageDefault",
            "patch_mode": "ImageDefault",
            "plan": [],
            "platform_fault_domain": -1,
            "priority": "Regular",
            "private_ip_address": "10.0.1.4",
            "private_ip_addresses": [
              "10.0.1.4"
            ],
            "provision_vm_agent": true,
            "proximity_placement_group_id": "",
            "public_ip_address": "",
            "public_ip_addresses": [],
            "reboot_setting": "",
            "resource_group_name": "HybridNetworkSimRG",
            "secret": [],
            "secure_boot_enabled": false,
            "size": "Standard_B1ls",
            "source_image_id": "",
            "source_image_reference": [
              {
                "offer": "UbuntuServer",
                "publisher": "Canonical",
                "sku": "18.04-LTS",
                "version": "latest"
              }
            ],
            "tags": {},
            "termination_notification": [],
            "timeouts": null,
            "user_data": "",
            "virtual_machine_id": "c7202bf6-f36a-468b-a824-164f561e4879",
            "virtual_machine_scale_set_id": "",
            "vtpm_enabled": false,
            "zone": ""
          },
          "sensitive_attributes": [],
          "private": "eyJlMmJmYjczMC1lY2FhLTExZTYtOGY4OC0zNDM2M2JjN2M0YzAiOnsiY3JlYXRlIjoyNzAwMDAwMDAwMDAwLCJkZWxldGUiOjI3MDAwMDAwMDAwMDAsInJlYWQiOjMwMDAwMDAwMDAwMCwidXBkYXRlIjoyNzAwMDAwMDAwMDAwfX0=",
          "dependencies": [
            "azurerm_network_interface.nic_vm_webapp2",
            "azurerm_resource_group.rg",
            "azurerm_subnet.webappsubnet",
            "azurerm_virtual_network.vnet",
            "tls_private_key.vm_ssh"
          ]
        }
      ]
    },
    {
      "mode": "managed",
      "type": "azurerm_local_network_gateway",
      "name": "onpremise",
      "provider": "provider[\"registry.terraform.io/hashicorp/azurerm\"]",
      "instances": [
        {
          "schema_version": 0,
          "attributes": {
            "address_space": [
              "10.2.0.0/24"
            ],
            "bgp_settings": [],
            "gateway_address": "168.62.225.23",
            "gateway_fqdn": "",
            "id": "/subscriptions/dc3f097d-41a3-4f48-bcf6-7957cf874a41/resourceGroups/HybridNetworkSimRG/providers/Microsoft.Network/localNetworkGateways/onpremise",
            "location": "australiasoutheast",
            "name": "onpremise",
            "resource_group_name": "HybridNetworkSimRG",
            "tags": {},
            "timeouts": null
          },
          "sensitive_attributes": [],
          "private": "eyJlMmJmYjczMC1lY2FhLTExZTYtOGY4OC0zNDM2M2JjN2M0YzAiOnsiY3JlYXRlIjoxODAwMDAwMDAwMDAwLCJkZWxldGUiOjE4MDAwMDAwMDAwMDAsInJlYWQiOjMwMDAwMDAwMDAwMCwidXBkYXRlIjoxODAwMDAwMDAwMDAwfX0=",
          "dependencies": [
            "azurerm_resource_group.rg"
          ]
        }
      ]
    },
    {
      "mode": "managed",
      "type": "azurerm_mssql_database",
      "name": "database",
      "provider": "provider[\"registry.terraform.io/hashicorp/azurerm\"]",
      "instances": [
        {
          "schema_version": 1,
          "attributes": {
            "auto_pause_delay_in_minutes": 0,
            "collation": "SQL_Latin1_General_CP1_CI_AS",
            "create_mode": "Default",
            "creation_source_database_id": null,
            "elastic_pool_id": "",
            "enclave_type": "VBS",
            "geo_backup_enabled": true,
            "id": "/subscriptions/dc3f097d-41a3-4f48-bcf6-7957cf874a41/resourceGroups/HybridNetworkSimRG/providers/Microsoft.Sql/servers/sqlprivateserver/databases/database",
            "identity": [],
            "import": [],
            "ledger_enabled": false,
            "license_type": "LicenseIncluded",
            "long_term_retention_policy": [
              {
                "monthly_retention": "PT0S",
                "week_of_year": 1,
                "weekly_retention": "PT0S",
                "yearly_retention": "PT0S"
              }
            ],
            "maintenance_configuration_name": "SQL_Default",
            "max_size_gb": 2,
            "min_capacity": 0,
            "name": "database",
            "read_replica_count": 0,
            "read_scale": false,
            "recover_database_id": null,
            "restore_dropped_database_id": null,
            "restore_point_in_time": null,
            "sample_name": null,
            "server_id": "/subscriptions/dc3f097d-41a3-4f48-bcf6-7957cf874a41/resourceGroups/HybridNetworkSimRG/providers/Microsoft.Sql/servers/sqlprivateserver",
            "short_term_retention_policy": [
              {
                "backup_interval_in_hours": 24,
                "retention_days": 7
              }
            ],
            "sku_name": "S0",
            "storage_account_type": "Geo",
            "tags": {},
            "threat_detection_policy": [
              {
                "disabled_alerts": [],
                "email_account_admins": "Disabled",
                "email_addresses": [],
                "retention_days": 0,
                "state": "Disabled",
                "storage_account_access_key": "",
                "storage_endpoint": ""
              }
            ],
            "timeouts": null,
            "transparent_data_encryption_enabled": true,
            "transparent_data_encryption_key_automatic_rotation_enabled": false,
            "transparent_data_encryption_key_vault_key_id": "",
            "zone_redundant": false
          },
          "sensitive_attributes": [],
          "private": "eyJlMmJmYjczMC1lY2FhLTExZTYtOGY4OC0zNDM2M2JjN2M0YzAiOnsiY3JlYXRlIjozNjAwMDAwMDAwMDAwLCJkZWxldGUiOjM2MDAwMDAwMDAwMDAsInJlYWQiOjMwMDAwMDAwMDAwMCwidXBkYXRlIjozNjAwMDAwMDAwMDAwfSwic2NoZW1hX3ZlcnNpb24iOiIxIn0=",
          "dependencies": [
            "azurerm_mssql_server.sqlprivateserver",
            "azurerm_resource_group.rg"
          ]
        }
      ]
    },
    {
      "mode": "managed",
      "type": "azurerm_mssql_server",
      "name": "sqlprivateserver",
      "provider": "provider[\"registry.terraform.io/hashicorp/azurerm\"]",
      "instances": [
        {
          "schema_version": 0,
          "attributes": {
            "administrator_login": "sqladmin",
            "administrator_login_password": "P@ssw0rd1234",
            "azuread_administrator": [],
            "connection_policy": "Default",
            "fully_qualified_domain_name": "sqlprivateserver.database.windows.net",
            "id": "/subscriptions/dc3f097d-41a3-4f48-bcf6-7957cf874a41/resourceGroups/HybridNetworkSimRG/providers/Microsoft.Sql/servers/sqlprivateserver",
            "identity": [],
            "location": "australiasoutheast",
            "minimum_tls_version": "1.2",
            "name": "sqlprivateserver",
            "outbound_network_restriction_enabled": false,
            "primary_user_assigned_identity_id": "",
            "public_network_access_enabled": true,
            "resource_group_name": "HybridNetworkSimRG",
            "restorable_dropped_database_ids": [],
            "tags": {},
            "timeouts": null,
            "transparent_data_encryption_key_vault_key_id": "",
            "version": "12.0"
          },
          "sensitive_attributes": [],
          "private": "eyJlMmJmYjczMC1lY2FhLTExZTYtOGY4OC0zNDM2M2JjN2M0YzAiOnsiY3JlYXRlIjozNjAwMDAwMDAwMDAwLCJkZWxldGUiOjM2MDAwMDAwMDAwMDAsInJlYWQiOjMwMDAwMDAwMDAwMCwidXBkYXRlIjozNjAwMDAwMDAwMDAwfX0=",
          "dependencies": [
            "azurerm_resource_group.rg"
          ]
        }
      ]
    },
    {
      "mode": "managed",
      "type": "azurerm_network_interface",
      "name": "nic_vm_admin",
      "provider": "provider[\"registry.terraform.io/hashicorp/azurerm\"]",
      "instances": [
        {
          "schema_version": 0,
          "attributes": {
            "applied_dns_servers": [],
            "auxiliary_mode": "",
            "auxiliary_sku": "",
            "dns_servers": [],
            "edge_zone": "",
            "enable_accelerated_networking": false,
            "enable_ip_forwarding": false,
            "id": "/subscriptions/dc3f097d-41a3-4f48-bcf6-7957cf874a41/resourceGroups/HybridNetworkSimRG/providers/Microsoft.Network/networkInterfaces/nic_vm_admin",
            "internal_dns_name_label": "",
            "internal_domain_name_suffix": "hgoshktznhvelg21nv2oq0kf4h.qx.internal.cloudapp.net",
            "ip_configuration": [
              {
                "gateway_load_balancer_frontend_ip_configuration_id": "",
                "name": "nic_vm_admin-configuration",
                "primary": true,
                "private_ip_address": "10.0.3.4",
                "private_ip_address_allocation": "Dynamic",
                "private_ip_address_version": "IPv4",
                "public_ip_address_id": "",
                "subnet_id": "/subscriptions/dc3f097d-41a3-4f48-bcf6-7957cf874a41/resourceGroups/HybridNetworkSimRG/providers/Microsoft.Network/virtualNetworks/azurevnet/subnets/AdminSubnet"
              }
            ],
            "location": "australiasoutheast",
            "mac_address": "00-22-48-14-4F-8C",
            "name": "nic_vm_admin",
            "private_ip_address": "10.0.3.4",
            "private_ip_addresses": [
              "10.0.3.4"
            ],
            "resource_group_name": "HybridNetworkSimRG",
            "tags": {},
            "timeouts": null,
            "virtual_machine_id": "/subscriptions/dc3f097d-41a3-4f48-bcf6-7957cf874a41/resourceGroups/HybridNetworkSimRG/providers/Microsoft.Compute/virtualMachines/vm-admin"
          },
          "sensitive_attributes": [],
          "private": "eyJlMmJmYjczMC1lY2FhLTExZTYtOGY4OC0zNDM2M2JjN2M0YzAiOnsiY3JlYXRlIjoxODAwMDAwMDAwMDAwLCJkZWxldGUiOjE4MDAwMDAwMDAwMDAsInJlYWQiOjMwMDAwMDAwMDAwMCwidXBkYXRlIjoxODAwMDAwMDAwMDAwfX0=",
          "dependencies": [
            "azurerm_resource_group.rg",
            "azurerm_subnet.adminsubnet",
            "azurerm_virtual_network.vnet"
          ]
        }
      ]
    },
    {
      "mode": "managed",
      "type": "azurerm_network_interface",
      "name": "nic_vm_database",
      "provider": "provider[\"registry.terraform.io/hashicorp/azurerm\"]",
      "instances": [
        {
          "schema_version": 0,
          "attributes": {
            "applied_dns_servers": [],
            "auxiliary_mode": "",
            "auxiliary_sku": "",
            "dns_servers": [],
            "edge_zone": "",
            "enable_accelerated_networking": false,
            "enable_ip_forwarding": false,
            "id": "/subscriptions/dc3f097d-41a3-4f48-bcf6-7957cf874a41/resourceGroups/HybridNetworkSimRG/providers/Microsoft.Network/networkInterfaces/nic_vm_database",
            "internal_dns_name_label": "",
            "internal_domain_name_suffix": "hgoshktznhvelg21nv2oq0kf4h.qx.internal.cloudapp.net",
            "ip_configuration": [
              {
                "gateway_load_balancer_frontend_ip_configuration_id": "",
                "name": "nic_vm_database-configuration",
                "primary": true,
                "private_ip_address": "10.0.2.4",
                "private_ip_address_allocation": "Dynamic",
                "private_ip_address_version": "IPv4",
                "public_ip_address_id": "",
                "subnet_id": "/subscriptions/dc3f097d-41a3-4f48-bcf6-7957cf874a41/resourceGroups/HybridNetworkSimRG/providers/Microsoft.Network/virtualNetworks/azurevnet/subnets/DatabaseSubnet"
              }
            ],
            "location": "australiasoutheast",
            "mac_address": "00-22-48-E2-95-27",
            "name": "nic_vm_database",
            "private_ip_address": "10.0.2.4",
            "private_ip_addresses": [
              "10.0.2.4"
            ],
            "resource_group_name": "HybridNetworkSimRG",
            "tags": {},
            "timeouts": null,
            "virtual_machine_id": "/subscriptions/dc3f097d-41a3-4f48-bcf6-7957cf874a41/resourceGroups/HybridNetworkSimRG/providers/Microsoft.Compute/virtualMachines/vm-dabatase"
          },
          "sensitive_attributes": [],
          "private": "eyJlMmJmYjczMC1lY2FhLTExZTYtOGY4OC0zNDM2M2JjN2M0YzAiOnsiY3JlYXRlIjoxODAwMDAwMDAwMDAwLCJkZWxldGUiOjE4MDAwMDAwMDAwMDAsInJlYWQiOjMwMDAwMDAwMDAwMCwidXBkYXRlIjoxODAwMDAwMDAwMDAwfX0=",
          "dependencies": [
            "azurerm_resource_group.rg",
            "azurerm_subnet.databasesubnet",
            "azurerm_virtual_network.vnet"
          ]
        }
      ]
    },
    {
      "mode": "managed",
      "type": "azurerm_network_interface",
      "name": "nic_vm_webapp",
      "provider": "provider[\"registry.terraform.io/hashicorp/azurerm\"]",
      "instances": [
        {
          "schema_version": 0,
          "attributes": {
            "applied_dns_servers": [],
            "auxiliary_mode": "",
            "auxiliary_sku": "",
            "dns_servers": [],
            "edge_zone": "",
            "enable_accelerated_networking": false,
            "enable_ip_forwarding": false,
            "id": "/subscriptions/dc3f097d-41a3-4f48-bcf6-7957cf874a41/resourceGroups/HybridNetworkSimRG/providers/Microsoft.Network/networkInterfaces/nic_vm_webapp",
            "internal_dns_name_label": "",
            "internal_domain_name_suffix": "hgoshktznhvelg21nv2oq0kf4h.qx.internal.cloudapp.net",
            "ip_configuration": [
              {
                "gateway_load_balancer_frontend_ip_configuration_id": "",
                "name": "nic_vm_webapp-configuration",
                "primary": true,
                "private_ip_address": "10.0.1.5",
                "private_ip_address_allocation": "Dynamic",
                "private_ip_address_version": "IPv4",
                "public_ip_address_id": "",
                "subnet_id": "/subscriptions/dc3f097d-41a3-4f48-bcf6-7957cf874a41/resourceGroups/HybridNetworkSimRG/providers/Microsoft.Network/virtualNetworks/azurevnet/subnets/WebAppSubnet"
              }
            ],
            "location": "australiasoutheast",
            "mac_address": "00-22-48-D3-C4-0D",
            "name": "nic_vm_webapp",
            "private_ip_address": "10.0.1.5",
            "private_ip_addresses": [
              "10.0.1.5"
            ],
            "resource_group_name": "HybridNetworkSimRG",
            "tags": {},
            "timeouts": null,
            "virtual_machine_id": "/subscriptions/dc3f097d-41a3-4f48-bcf6-7957cf874a41/resourceGroups/HybridNetworkSimRG/providers/Microsoft.Compute/virtualMachines/vm-webapp"
          },
          "sensitive_attributes": [],
          "private": "eyJlMmJmYjczMC1lY2FhLTExZTYtOGY4OC0zNDM2M2JjN2M0YzAiOnsiY3JlYXRlIjoxODAwMDAwMDAwMDAwLCJkZWxldGUiOjE4MDAwMDAwMDAwMDAsInJlYWQiOjMwMDAwMDAwMDAwMCwidXBkYXRlIjoxODAwMDAwMDAwMDAwfX0=",
          "dependencies": [
            "azurerm_resource_group.rg",
            "azurerm_subnet.webappsubnet",
            "azurerm_virtual_network.vnet"
          ]
        }
      ]
    },
    {
      "mode": "managed",
      "type": "azurerm_network_interface",
      "name": "nic_vm_webapp2",
      "provider": "provider[\"registry.terraform.io/hashicorp/azurerm\"]",
      "instances": [
        {
          "schema_version": 0,
          "attributes": {
            "applied_dns_servers": [],
            "auxiliary_mode": "",
            "auxiliary_sku": "",
            "dns_servers": [],
            "edge_zone": "",
            "enable_accelerated_networking": false,
            "enable_ip_forwarding": false,
            "id": "/subscriptions/dc3f097d-41a3-4f48-bcf6-7957cf874a41/resourceGroups/HybridNetworkSimRG/providers/Microsoft.Network/networkInterfaces/nic_vm_webapp2",
            "internal_dns_name_label": "",
            "internal_domain_name_suffix": "hgoshktznhvelg21nv2oq0kf4h.qx.internal.cloudapp.net",
            "ip_configuration": [
              {
                "gateway_load_balancer_frontend_ip_configuration_id": "",
                "name": "nic_vm_webapp2-configuration",
                "primary": true,
                "private_ip_address": "10.0.1.4",
                "private_ip_address_allocation": "Dynamic",
                "private_ip_address_version": "IPv4",
                "public_ip_address_id": "",
                "subnet_id": "/subscriptions/dc3f097d-41a3-4f48-bcf6-7957cf874a41/resourceGroups/HybridNetworkSimRG/providers/Microsoft.Network/virtualNetworks/azurevnet/subnets/WebAppSubnet"
              }
            ],
            "location": "australiasoutheast",
            "mac_address": "00-22-48-D3-B4-2D",
            "name": "nic_vm_webapp2",
            "private_ip_address": "10.0.1.4",
            "private_ip_addresses": [
              "10.0.1.4"
            ],
            "resource_group_name": "HybridNetworkSimRG",
            "tags": {},
            "timeouts": null,
            "virtual_machine_id": "/subscriptions/dc3f097d-41a3-4f48-bcf6-7957cf874a41/resourceGroups/HybridNetworkSimRG/providers/Microsoft.Compute/virtualMachines/vm-webapp2"
          },
          "sensitive_attributes": [],
          "private": "eyJlMmJmYjczMC1lY2FhLTExZTYtOGY4OC0zNDM2M2JjN2M0YzAiOnsiY3JlYXRlIjoxODAwMDAwMDAwMDAwLCJkZWxldGUiOjE4MDAwMDAwMDAwMDAsInJlYWQiOjMwMDAwMDAwMDAwMCwidXBkYXRlIjoxODAwMDAwMDAwMDAwfX0=",
          "dependencies": [
            "azurerm_resource_group.rg",
            "azurerm_subnet.webappsubnet",
            "azurerm_virtual_network.vnet"
          ]
        }
      ]
    },
    {
      "mode": "managed",
      "type": "azurerm_network_interface",
      "name": "web_lb_nic",
      "provider": "provider[\"registry.terraform.io/hashicorp/azurerm\"]",
      "instances": [
        {
          "schema_version": 0,
          "attributes": {
            "applied_dns_servers": [],
            "auxiliary_mode": "",
            "auxiliary_sku": "",
            "dns_servers": [],
            "edge_zone": "",
            "enable_accelerated_networking": false,
            "enable_ip_forwarding": false,
            "id": "/subscriptions/dc3f097d-41a3-4f48-bcf6-7957cf874a41/resourceGroups/HybridNetworkSimRG/providers/Microsoft.Network/networkInterfaces/web_lb_nic",
            "internal_dns_name_label": "",
            "internal_domain_name_suffix": "hgoshktznhvelg21nv2oq0kf4h.qx.internal.cloudapp.net",
            "ip_configuration": [
              {
                "gateway_load_balancer_frontend_ip_configuration_id": "",
                "name": "internal",
                "primary": true,
                "private_ip_address": "10.0.1.6",
                "private_ip_address_allocation": "Dynamic",
                "private_ip_address_version": "IPv4",
                "public_ip_address_id": "",
                "subnet_id": "/subscriptions/dc3f097d-41a3-4f48-bcf6-7957cf874a41/resourceGroups/HybridNetworkSimRG/providers/Microsoft.Network/virtualNetworks/azurevnet/subnets/WebAppSubnet"
              }
            ],
            "location": "australiasoutheast",
            "mac_address": "",
            "name": "web_lb_nic",
            "private_ip_address": "10.0.1.6",
            "private_ip_addresses": [
              "10.0.1.6"
            ],
            "resource_group_name": "HybridNetworkSimRG",
            "tags": {},
            "timeouts": null,
            "virtual_machine_id": ""
          },
          "sensitive_attributes": [],
          "private": "eyJlMmJmYjczMC1lY2FhLTExZTYtOGY4OC0zNDM2M2JjN2M0YzAiOnsiY3JlYXRlIjoxODAwMDAwMDAwMDAwLCJkZWxldGUiOjE4MDAwMDAwMDAwMDAsInJlYWQiOjMwMDAwMDAwMDAwMCwidXBkYXRlIjoxODAwMDAwMDAwMDAwfX0=",
          "dependencies": [
            "azurerm_resource_group.rg",
            "azurerm_subnet.webappsubnet",
            "azurerm_virtual_network.vnet"
          ]
        }
      ]
    },
    {
      "mode": "managed",
      "type": "azurerm_network_interface_backend_address_pool_association",
      "name": "webapp2_nic_lb_associate",
      "provider": "provider[\"registry.terraform.io/hashicorp/azurerm\"]",
      "instances": [
        {
          "schema_version": 0,
          "attributes": {
            "backend_address_pool_id": "/subscriptions/dc3f097d-41a3-4f48-bcf6-7957cf874a41/resourceGroups/HybridNetworkSimRG/providers/Microsoft.Network/loadBalancers/web_lb/backendAddressPools/web-backend",
            "id": "/subscriptions/dc3f097d-41a3-4f48-bcf6-7957cf874a41/resourceGroups/HybridNetworkSimRG/providers/Microsoft.Network/networkInterfaces/nic_vm_webapp2/ipConfigurations/nic_vm_webapp2-configuration|/subscriptions/dc3f097d-41a3-4f48-bcf6-7957cf874a41/resourceGroups/HybridNetworkSimRG/providers/Microsoft.Network/loadBalancers/web_lb/backendAddressPools/web-backend",
            "ip_configuration_name": "nic_vm_webapp2-configuration",
            "network_interface_id": "/subscriptions/dc3f097d-41a3-4f48-bcf6-7957cf874a41/resourceGroups/HybridNetworkSimRG/providers/Microsoft.Network/networkInterfaces/nic_vm_webapp2",
            "timeouts": null
          },
          "sensitive_attributes": [],
          "private": "eyJlMmJmYjczMC1lY2FhLTExZTYtOGY4OC0zNDM2M2JjN2M0YzAiOnsiY3JlYXRlIjoxODAwMDAwMDAwMDAwLCJkZWxldGUiOjE4MDAwMDAwMDAwMDAsInJlYWQiOjMwMDAwMDAwMDAwMH19",
          "dependencies": [
            "azurerm_lb.web_lb",
            "azurerm_lb_backend_address_pool.web_lb_backend_address_pool",
            "azurerm_network_interface.nic_vm_webapp2",
            "azurerm_public_ip.lb-public-ip",
            "azurerm_resource_group.rg",
            "azurerm_subnet.webappsubnet",
            "azurerm_virtual_network.vnet"
          ]
        }
      ]
    },
    {
      "mode": "managed",
      "type": "azurerm_network_interface_backend_address_pool_association",
      "name": "webapp_nic_lb_associate",
      "provider": "provider[\"registry.terraform.io/hashicorp/azurerm\"]",
      "instances": [
        {
          "schema_version": 0,
          "attributes": {
            "backend_address_pool_id": "/subscriptions/dc3f097d-41a3-4f48-bcf6-7957cf874a41/resourceGroups/HybridNetworkSimRG/providers/Microsoft.Network/loadBalancers/web_lb/backendAddressPools/web-backend",
            "id": "/subscriptions/dc3f097d-41a3-4f48-bcf6-7957cf874a41/resourceGroups/HybridNetworkSimRG/providers/Microsoft.Network/networkInterfaces/nic_vm_webapp/ipConfigurations/nic_vm_webapp-configuration|/subscriptions/dc3f097d-41a3-4f48-bcf6-7957cf874a41/resourceGroups/HybridNetworkSimRG/providers/Microsoft.Network/loadBalancers/web_lb/backendAddressPools/web-backend",
            "ip_configuration_name": "nic_vm_webapp-configuration",
            "network_interface_id": "/subscriptions/dc3f097d-41a3-4f48-bcf6-7957cf874a41/resourceGroups/HybridNetworkSimRG/providers/Microsoft.Network/networkInterfaces/nic_vm_webapp",
            "timeouts": null
          },
          "sensitive_attributes": [],
          "private": "eyJlMmJmYjczMC1lY2FhLTExZTYtOGY4OC0zNDM2M2JjN2M0YzAiOnsiY3JlYXRlIjoxODAwMDAwMDAwMDAwLCJkZWxldGUiOjE4MDAwMDAwMDAwMDAsInJlYWQiOjMwMDAwMDAwMDAwMH19",
          "dependencies": [
            "azurerm_lb.web_lb",
            "azurerm_lb_backend_address_pool.web_lb_backend_address_pool",
            "azurerm_network_interface.nic_vm_webapp",
            "azurerm_public_ip.lb-public-ip",
            "azurerm_resource_group.rg",
            "azurerm_subnet.webappsubnet",
            "azurerm_virtual_network.vnet"
          ]
        }
      ]
    },
    {
      "mode": "managed",
      "type": "azurerm_network_security_group",
      "name": "subnetnsg",
      "provider": "provider[\"registry.terraform.io/hashicorp/azurerm\"]",
      "instances": [
        {
          "schema_version": 0,
          "attributes": {
            "id": "/subscriptions/dc3f097d-41a3-4f48-bcf6-7957cf874a41/resourceGroups/HybridNetworkSimRG/providers/Microsoft.Network/networkSecurityGroups/subnet-nsg",
            "location": "australiasoutheast",
            "name": "subnet-nsg",
            "resource_group_name": "HybridNetworkSimRG",
            "security_rule": [
              {
                "access": "Allow",
                "description": "",
                "destination_address_prefix": "",
                "destination_address_prefixes": [
                  "10.0.1.0/24",
                  "10.0.2.0/24",
                  "10.0.3.0/24"
                ],
                "destination_application_security_group_ids": [],
                "destination_port_range": "*",
                "destination_port_ranges": [],
                "direction": "Outbound",
                "name": "Outbound_Allow_Subnet_Any",
                "priority": 500,
                "protocol": "*",
                "source_address_prefix": "",
                "source_address_prefixes": [
                  "10.0.1.0/24",
                  "10.0.2.0/24",
                  "10.0.3.0/24"
                ],
                "source_application_security_group_ids": [],
                "source_port_range": "*",
                "source_port_ranges": []
              },
              {
                "access": "Allow",
                "description": "",
                "destination_address_prefix": "",
                "destination_address_prefixes": [
                  "10.0.1.0/24",
                  "10.0.2.0/24",
                  "10.0.3.0/24"
                ],
                "destination_application_security_group_ids": [],
                "destination_port_range": "22",
                "destination_port_ranges": [],
                "direction": "Inbound",
                "name": "Inbound_Allow_Bastion_SSH",
                "priority": 510,
                "protocol": "Tcp",
                "source_address_prefix": "10.0.5.0/25",
                "source_address_prefixes": [],
                "source_application_security_group_ids": [],
                "source_port_range": "*",
                "source_port_ranges": []
              },
              {
                "access": "Allow",
                "description": "",
                "destination_address_prefix": "",
                "destination_address_prefixes": [
                  "10.0.1.0/24",
                  "10.0.2.0/24",
                  "10.0.3.0/24"
                ],
                "destination_application_security_group_ids": [],
                "destination_port_range": "3389",
                "destination_port_ranges": [],
                "direction": "Inbound",
                "name": "Inbound_Allow_Bastion_RDP",
                "priority": 500,
                "protocol": "Tcp",
                "source_address_prefix": "10.0.5.0/25",
                "source_address_prefixes": [],
                "source_application_security_group_ids": [],
                "source_port_range": "*",
                "source_port_ranges": []
              },
              {
                "access": "Deny",
                "description": "",
                "destination_address_prefix": "",
                "destination_address_prefixes": [
                  "10.0.1.0/24",
                  "10.0.2.0/24",
                  "10.0.3.0/24"
                ],
                "destination_application_security_group_ids": [],
                "destination_port_range": "*",
                "destination_port_ranges": [],
                "direction": "Inbound",
                "name": "Inbound_Deny_Any_Any",
                "priority": 1000,
                "protocol": "*",
                "source_address_prefix": "*",
                "source_address_prefixes": [],
                "source_application_security_group_ids": [],
                "source_port_range": "*",
                "source_port_ranges": []
              },
              {
                "access": "Deny",
                "description": "",
                "destination_address_prefix": "*",
                "destination_address_prefixes": [],
                "destination_application_security_group_ids": [],
                "destination_port_range": "*",
                "destination_port_ranges": [],
                "direction": "Outbound",
                "name": "Outbound_Deny_Any_Any",
                "priority": 1000,
                "protocol": "*",
                "source_address_prefix": "",
                "source_address_prefixes": [
                  "10.0.1.0/24",
                  "10.0.2.0/24",
                  "10.0.3.0/24"
                ],
                "source_application_security_group_ids": [],
                "source_port_range": "*",
                "source_port_ranges": []
              }
            ],
            "tags": {},
            "timeouts": null
          },
          "sensitive_attributes": [],
          "private": "eyJlMmJmYjczMC1lY2FhLTExZTYtOGY4OC0zNDM2M2JjN2M0YzAiOnsiY3JlYXRlIjoxODAwMDAwMDAwMDAwLCJkZWxldGUiOjE4MDAwMDAwMDAwMDAsInJlYWQiOjMwMDAwMDAwMDAwMCwidXBkYXRlIjoxODAwMDAwMDAwMDAwfX0=",
          "dependencies": [
            "azurerm_resource_group.rg"
          ]
        }
      ]
    },
    {
      "mode": "managed",
      "type": "azurerm_network_security_group",
      "name": "webappnsg",
      "provider": "provider[\"registry.terraform.io/hashicorp/azurerm\"]",
      "instances": [
        {
          "schema_version": 0,
          "attributes": {
            "id": "/subscriptions/dc3f097d-41a3-4f48-bcf6-7957cf874a41/resourceGroups/HybridNetworkSimRG/providers/Microsoft.Network/networkSecurityGroups/webapp-nsg",
            "location": "australiasoutheast",
            "name": "webapp-nsg",
            "resource_group_name": "HybridNetworkSimRG",
            "security_rule": [
              {
                "access": "Allow",
                "description": "",
                "destination_address_prefix": "*",
                "destination_address_prefixes": [],
                "destination_application_security_group_ids": [],
                "destination_port_range": "443",
                "destination_port_ranges": [],
                "direction": "Inbound",
                "name": "Allow-HTTPS",
                "priority": 100,
                "protocol": "Tcp",
                "source_address_prefix": "*",
                "source_address_prefixes": [],
                "source_application_security_group_ids": [],
                "source_port_range": "*",
                "source_port_ranges": []
              }
            ],
            "tags": {},
            "timeouts": null
          },
          "sensitive_attributes": [],
          "private": "eyJlMmJmYjczMC1lY2FhLTExZTYtOGY4OC0zNDM2M2JjN2M0YzAiOnsiY3JlYXRlIjoxODAwMDAwMDAwMDAwLCJkZWxldGUiOjE4MDAwMDAwMDAwMDAsInJlYWQiOjMwMDAwMDAwMDAwMCwidXBkYXRlIjoxODAwMDAwMDAwMDAwfX0=",
          "dependencies": [
            "azurerm_resource_group.rg"
          ]
        }
      ]
    },
    {
      "mode": "managed",
      "type": "azurerm_network_security_rule",
      "name": "inbound_allow_rdp",
      "provider": "provider[\"registry.terraform.io/hashicorp/azurerm\"]",
      "instances": [
        {
          "schema_version": 0,
          "attributes": {
            "access": "Allow",
            "description": "",
            "destination_address_prefix": "",
            "destination_address_prefixes": [
              "10.0.1.0/24",
              "10.0.2.0/24",
              "10.0.3.0/24"
            ],
            "destination_application_security_group_ids": [],
            "destination_port_range": "3389",
            "destination_port_ranges": [],
            "direction": "Inbound",
            "id": "/subscriptions/dc3f097d-41a3-4f48-bcf6-7957cf874a41/resourceGroups/HybridNetworkSimRG/providers/Microsoft.Network/networkSecurityGroups/subnet-nsg/securityRules/Inbound_Allow_Bastion_RDP",
            "name": "Inbound_Allow_Bastion_RDP",
            "network_security_group_name": "subnet-nsg",
            "priority": 500,
            "protocol": "Tcp",
            "resource_group_name": "HybridNetworkSimRG",
            "source_address_prefix": "10.0.5.0/25",
            "source_address_prefixes": [],
            "source_application_security_group_ids": [],
            "source_port_range": "*",
            "source_port_ranges": [],
            "timeouts": null
          },
          "sensitive_attributes": [],
          "private": "eyJlMmJmYjczMC1lY2FhLTExZTYtOGY4OC0zNDM2M2JjN2M0YzAiOnsiY3JlYXRlIjoxODAwMDAwMDAwMDAwLCJkZWxldGUiOjE4MDAwMDAwMDAwMDAsInJlYWQiOjMwMDAwMDAwMDAwMCwidXBkYXRlIjoxODAwMDAwMDAwMDAwfX0=",
          "dependencies": [
            "azurerm_network_security_group.subnetnsg",
            "azurerm_resource_group.rg",
            "azurerm_subnet.bastionsubnet",
            "azurerm_virtual_network.vnet"
          ]
        }
      ]
    },
    {
      "mode": "managed",
      "type": "azurerm_network_security_rule",
      "name": "inbound_allow_ssh",
      "provider": "provider[\"registry.terraform.io/hashicorp/azurerm\"]",
      "instances": [
        {
          "schema_version": 0,
          "attributes": {
            "access": "Allow",
            "description": "",
            "destination_address_prefix": "",
            "destination_address_prefixes": [
              "10.0.1.0/24",
              "10.0.2.0/24",
              "10.0.3.0/24"
            ],
            "destination_application_security_group_ids": [],
            "destination_port_range": "22",
            "destination_port_ranges": [],
            "direction": "Inbound",
            "id": "/subscriptions/dc3f097d-41a3-4f48-bcf6-7957cf874a41/resourceGroups/HybridNetworkSimRG/providers/Microsoft.Network/networkSecurityGroups/subnet-nsg/securityRules/Inbound_Allow_Bastion_SSH",
            "name": "Inbound_Allow_Bastion_SSH",
            "network_security_group_name": "subnet-nsg",
            "priority": 510,
            "protocol": "Tcp",
            "resource_group_name": "HybridNetworkSimRG",
            "source_address_prefix": "10.0.5.0/25",
            "source_address_prefixes": [],
            "source_application_security_group_ids": [],
            "source_port_range": "*",
            "source_port_ranges": [],
            "timeouts": null
          },
          "sensitive_attributes": [],
          "private": "eyJlMmJmYjczMC1lY2FhLTExZTYtOGY4OC0zNDM2M2JjN2M0YzAiOnsiY3JlYXRlIjoxODAwMDAwMDAwMDAwLCJkZWxldGUiOjE4MDAwMDAwMDAwMDAsInJlYWQiOjMwMDAwMDAwMDAwMCwidXBkYXRlIjoxODAwMDAwMDAwMDAwfX0=",
          "dependencies": [
            "azurerm_network_security_group.subnetnsg",
            "azurerm_resource_group.rg",
            "azurerm_subnet.bastionsubnet",
            "azurerm_virtual_network.vnet"
          ]
        }
      ]
    },
    {
      "mode": "managed",
      "type": "azurerm_network_security_rule",
      "name": "inbound_deny_all",
      "provider": "provider[\"registry.terraform.io/hashicorp/azurerm\"]",
      "instances": [
        {
          "schema_version": 0,
          "attributes": {
            "access": "Deny",
            "description": "",
            "destination_address_prefix": "",
            "destination_address_prefixes": [
              "10.0.1.0/24",
              "10.0.2.0/24",
              "10.0.3.0/24"
            ],
            "destination_application_security_group_ids": [],
            "destination_port_range": "*",
            "destination_port_ranges": [],
            "direction": "Inbound",
            "id": "/subscriptions/dc3f097d-41a3-4f48-bcf6-7957cf874a41/resourceGroups/HybridNetworkSimRG/providers/Microsoft.Network/networkSecurityGroups/subnet-nsg/securityRules/Inbound_Deny_Any_Any",
            "name": "Inbound_Deny_Any_Any",
            "network_security_group_name": "subnet-nsg",
            "priority": 1000,
            "protocol": "*",
            "resource_group_name": "HybridNetworkSimRG",
            "source_address_prefix": "*",
            "source_address_prefixes": [],
            "source_application_security_group_ids": [],
            "source_port_range": "*",
            "source_port_ranges": [],
            "timeouts": null
          },
          "sensitive_attributes": [],
          "private": "eyJlMmJmYjczMC1lY2FhLTExZTYtOGY4OC0zNDM2M2JjN2M0YzAiOnsiY3JlYXRlIjoxODAwMDAwMDAwMDAwLCJkZWxldGUiOjE4MDAwMDAwMDAwMDAsInJlYWQiOjMwMDAwMDAwMDAwMCwidXBkYXRlIjoxODAwMDAwMDAwMDAwfX0=",
          "dependencies": [
            "azurerm_network_security_group.subnetnsg",
            "azurerm_resource_group.rg"
          ]
        }
      ]
    },
    {
      "mode": "managed",
      "type": "azurerm_network_security_rule",
      "name": "outbound_allow_subnet",
      "provider": "provider[\"registry.terraform.io/hashicorp/azurerm\"]",
      "instances": [
        {
          "schema_version": 0,
          "attributes": {
            "access": "Allow",
            "description": "",
            "destination_address_prefix": "",
            "destination_address_prefixes": [
              "10.0.1.0/24",
              "10.0.2.0/24",
              "10.0.3.0/24"
            ],
            "destination_application_security_group_ids": [],
            "destination_port_range": "*",
            "destination_port_ranges": [],
            "direction": "Outbound",
            "id": "/subscriptions/dc3f097d-41a3-4f48-bcf6-7957cf874a41/resourceGroups/HybridNetworkSimRG/providers/Microsoft.Network/networkSecurityGroups/subnet-nsg/securityRules/Outbound_Allow_Subnet_Any",
            "name": "Outbound_Allow_Subnet_Any",
            "network_security_group_name": "subnet-nsg",
            "priority": 500,
            "protocol": "*",
            "resource_group_name": "HybridNetworkSimRG",
            "source_address_prefix": "",
            "source_address_prefixes": [
              "10.0.1.0/24",
              "10.0.2.0/24",
              "10.0.3.0/24"
            ],
            "source_application_security_group_ids": [],
            "source_port_range": "*",
            "source_port_ranges": [],
            "timeouts": null
          },
          "sensitive_attributes": [],
          "private": "eyJlMmJmYjczMC1lY2FhLTExZTYtOGY4OC0zNDM2M2JjN2M0YzAiOnsiY3JlYXRlIjoxODAwMDAwMDAwMDAwLCJkZWxldGUiOjE4MDAwMDAwMDAwMDAsInJlYWQiOjMwMDAwMDAwMDAwMCwidXBkYXRlIjoxODAwMDAwMDAwMDAwfX0=",
          "dependencies": [
            "azurerm_network_security_group.subnetnsg",
            "azurerm_resource_group.rg"
          ]
        }
      ]
    },
    {
      "mode": "managed",
      "type": "azurerm_network_security_rule",
      "name": "outbound_deny_all",
      "provider": "provider[\"registry.terraform.io/hashicorp/azurerm\"]",
      "instances": [
        {
          "schema_version": 0,
          "attributes": {
            "access": "Deny",
            "description": "",
            "destination_address_prefix": "*",
            "destination_address_prefixes": [],
            "destination_application_security_group_ids": [],
            "destination_port_range": "*",
            "destination_port_ranges": [],
            "direction": "Outbound",
            "id": "/subscriptions/dc3f097d-41a3-4f48-bcf6-7957cf874a41/resourceGroups/HybridNetworkSimRG/providers/Microsoft.Network/networkSecurityGroups/subnet-nsg/securityRules/Outbound_Deny_Any_Any",
            "name": "Outbound_Deny_Any_Any",
            "network_security_group_name": "subnet-nsg",
            "priority": 1000,
            "protocol": "*",
            "resource_group_name": "HybridNetworkSimRG",
            "source_address_prefix": "",
            "source_address_prefixes": [
              "10.0.1.0/24",
              "10.0.2.0/24",
              "10.0.3.0/24"
            ],
            "source_application_security_group_ids": [],
            "source_port_range": "*",
            "source_port_ranges": [],
            "timeouts": null
          },
          "sensitive_attributes": [],
          "private": "eyJlMmJmYjczMC1lY2FhLTExZTYtOGY4OC0zNDM2M2JjN2M0YzAiOnsiY3JlYXRlIjoxODAwMDAwMDAwMDAwLCJkZWxldGUiOjE4MDAwMDAwMDAwMDAsInJlYWQiOjMwMDAwMDAwMDAwMCwidXBkYXRlIjoxODAwMDAwMDAwMDAwfX0=",
          "dependencies": [
            "azurerm_network_security_group.subnetnsg",
            "azurerm_resource_group.rg"
          ]
        }
      ]
    },
    {
      "mode": "managed",
      "type": "azurerm_private_endpoint",
      "name": "sqlendpoint",
      "provider": "provider[\"registry.terraform.io/hashicorp/azurerm\"]",
      "instances": [
        {
          "schema_version": 0,
          "attributes": {
            "custom_dns_configs": [
              {
                "fqdn": "sqlprivateserver.database.windows.net",
                "ip_addresses": [
                  "10.0.2.6"
                ]
              }
            ],
            "custom_network_interface_name": "",
            "id": "/subscriptions/dc3f097d-41a3-4f48-bcf6-7957cf874a41/resourceGroups/HybridNetworkSimRG/providers/Microsoft.Network/privateEndpoints/sql-private-endpoint",
            "ip_configuration": [],
            "location": "australiasoutheast",
            "name": "sql-private-endpoint",
            "network_interface": [
              {
                "id": "/subscriptions/dc3f097d-41a3-4f48-bcf6-7957cf874a41/resourceGroups/HybridNetworkSimRG/providers/Microsoft.Network/networkInterfaces/sql-private-endpoint.nic.4b25d6fb-2d15-4ada-bed5-34723005ff5e",
                "name": "sql-private-endpoint.nic.4b25d6fb-2d15-4ada-bed5-34723005ff5e"
              }
            ],
            "private_dns_zone_configs": [],
            "private_dns_zone_group": [],
            "private_service_connection": [
              {
                "is_manual_connection": false,
                "name": "private-connection",
                "private_connection_resource_alias": "",
                "private_connection_resource_id": "/subscriptions/dc3f097d-41a3-4f48-bcf6-7957cf874a41/resourceGroups/HybridNetworkSimRG/providers/Microsoft.Sql/servers/sqlprivateserver",
                "private_ip_address": "10.0.2.6",
                "request_message": "",
                "subresource_names": [
                  "sqlServer"
                ]
              }
            ],
            "resource_group_name": "HybridNetworkSimRG",
            "subnet_id": "/subscriptions/dc3f097d-41a3-4f48-bcf6-7957cf874a41/resourceGroups/HybridNetworkSimRG/providers/Microsoft.Network/virtualNetworks/azurevnet/subnets/DatabaseSubnet",
            "tags": null,
            "timeouts": null
          },
          "sensitive_attributes": [],
          "private": "eyJlMmJmYjczMC1lY2FhLTExZTYtOGY4OC0zNDM2M2JjN2M0YzAiOnsiY3JlYXRlIjozNjAwMDAwMDAwMDAwLCJkZWxldGUiOjM2MDAwMDAwMDAwMDAsInJlYWQiOjMwMDAwMDAwMDAwMCwidXBkYXRlIjozNjAwMDAwMDAwMDAwfX0=",
          "dependencies": [
            "azurerm_mssql_server.sqlprivateserver",
            "azurerm_resource_group.rg",
            "azurerm_subnet.databasesubnet",
            "azurerm_virtual_network.vnet"
          ]
        }
      ]
    },
    {
      "mode": "managed",
      "type": "azurerm_private_link_service",
      "name": "privatelink",
      "provider": "provider[\"registry.terraform.io/hashicorp/azurerm\"]",
      "instances": [
        {
          "schema_version": 0,
          "attributes": {
            "alias": "privatelink.a113d216-d823-4de0-b396-25206eba4663.australiasoutheast.azure.privatelinkservice",
            "auto_approval_subscription_ids": [],
            "enable_proxy_protocol": false,
            "fqdns": [],
            "id": "/subscriptions/dc3f097d-41a3-4f48-bcf6-7957cf874a41/resourceGroups/HybridNetworkSimRG/providers/Microsoft.Network/privateLinkServices/privatelink",
            "load_balancer_frontend_ip_configuration_ids": [
              "/subscriptions/dc3f097d-41a3-4f48-bcf6-7957cf874a41/resourceGroups/HybridNetworkSimRG/providers/Microsoft.Network/loadBalancers/endpoint-lb/frontendIPConfigurations/enpoint_lb_pip"
            ],
            "location": "australiasoutheast",
            "name": "privatelink",
            "nat_ip_configuration": [
              {
                "name": "enpoint_lb_pip",
                "primary": true,
                "private_ip_address": "",
                "private_ip_address_version": "IPv4",
                "subnet_id": "/subscriptions/dc3f097d-41a3-4f48-bcf6-7957cf874a41/resourceGroups/HybridNetworkSimRG/providers/Microsoft.Network/virtualNetworks/azurevnet/subnets/DatabaseSubnet"
              }
            ],
            "resource_group_name": "HybridNetworkSimRG",
            "tags": {},
            "timeouts": null,
            "visibility_subscription_ids": []
          },
          "sensitive_attributes": [],
          "private": "eyJlMmJmYjczMC1lY2FhLTExZTYtOGY4OC0zNDM2M2JjN2M0YzAiOnsiY3JlYXRlIjozNjAwMDAwMDAwMDAwLCJkZWxldGUiOjM2MDAwMDAwMDAwMDAsInJlYWQiOjMwMDAwMDAwMDAwMCwidXBkYXRlIjozNjAwMDAwMDAwMDAwfX0=",
          "dependencies": [
            "azurerm_lb.enpoint_lb",
            "azurerm_public_ip.endpoint_lb_pip",
            "azurerm_resource_group.rg",
            "azurerm_subnet.databasesubnet",
            "azurerm_virtual_network.vnet"
          ]
        }
      ]
    },
    {
      "mode": "managed",
      "type": "azurerm_public_ip",
      "name": "bastion_pip",
      "provider": "provider[\"registry.terraform.io/hashicorp/azurerm\"]",
      "instances": [
        {
          "schema_version": 0,
          "attributes": {
            "allocation_method": "Static",
            "ddos_protection_mode": "VirtualNetworkInherited",
            "ddos_protection_plan_id": null,
            "domain_name_label": null,
            "edge_zone": "",
            "fqdn": null,
            "id": "/subscriptions/dc3f097d-41a3-4f48-bcf6-7957cf874a41/resourceGroups/HybridNetworkSimRG/providers/Microsoft.Network/publicIPAddresses/pip-bastion",
            "idle_timeout_in_minutes": 4,
            "ip_address": "20.92.44.78",
            "ip_tags": {},
            "ip_version": "IPv4",
            "location": "australiasoutheast",
            "name": "pip-bastion",
            "public_ip_prefix_id": null,
            "resource_group_name": "HybridNetworkSimRG",
            "reverse_fqdn": null,
            "sku": "Standard",
            "sku_tier": "Regional",
            "tags": {},
            "timeouts": null,
            "zones": []
          },
          "sensitive_attributes": [],
          "private": "eyJlMmJmYjczMC1lY2FhLTExZTYtOGY4OC0zNDM2M2JjN2M0YzAiOnsiY3JlYXRlIjoxODAwMDAwMDAwMDAwLCJkZWxldGUiOjE4MDAwMDAwMDAwMDAsInJlYWQiOjMwMDAwMDAwMDAwMCwidXBkYXRlIjoxODAwMDAwMDAwMDAwfX0=",
          "dependencies": [
            "azurerm_resource_group.rg"
          ]
        }
      ]
    },
    {
      "mode": "managed",
      "type": "azurerm_public_ip",
      "name": "endpoint_lb_pip",
      "provider": "provider[\"registry.terraform.io/hashicorp/azurerm\"]",
      "instances": [
        {
          "schema_version": 0,
          "attributes": {
            "allocation_method": "Static",
            "ddos_protection_mode": "VirtualNetworkInherited",
            "ddos_protection_plan_id": null,
            "domain_name_label": null,
            "edge_zone": "",
            "fqdn": null,
            "id": "/subscriptions/dc3f097d-41a3-4f48-bcf6-7957cf874a41/resourceGroups/HybridNetworkSimRG/providers/Microsoft.Network/publicIPAddresses/enpoint_lb_pip",
            "idle_timeout_in_minutes": 4,
            "ip_address": "20.92.44.65",
            "ip_tags": {},
            "ip_version": "IPv4",
            "location": "australiasoutheast",
            "name": "enpoint_lb_pip",
            "public_ip_prefix_id": null,
            "resource_group_name": "HybridNetworkSimRG",
            "reverse_fqdn": null,
            "sku": "Standard",
            "sku_tier": "Regional",
            "tags": {},
            "timeouts": null,
            "zones": []
          },
          "sensitive_attributes": [],
          "private": "eyJlMmJmYjczMC1lY2FhLTExZTYtOGY4OC0zNDM2M2JjN2M0YzAiOnsiY3JlYXRlIjoxODAwMDAwMDAwMDAwLCJkZWxldGUiOjE4MDAwMDAwMDAwMDAsInJlYWQiOjMwMDAwMDAwMDAwMCwidXBkYXRlIjoxODAwMDAwMDAwMDAwfX0=",
          "dependencies": [
            "azurerm_resource_group.rg"
          ]
        }
      ]
    },
    {
      "mode": "managed",
      "type": "azurerm_public_ip",
      "name": "lb-public-ip",
      "provider": "provider[\"registry.terraform.io/hashicorp/azurerm\"]",
      "instances": [
        {
          "schema_version": 0,
          "attributes": {
            "allocation_method": "Static",
            "ddos_protection_mode": "VirtualNetworkInherited",
            "ddos_protection_plan_id": null,
            "domain_name_label": null,
            "edge_zone": "",
            "fqdn": null,
            "id": "/subscriptions/dc3f097d-41a3-4f48-bcf6-7957cf874a41/resourceGroups/HybridNetworkSimRG/providers/Microsoft.Network/publicIPAddresses/web-lb-public-ip",
            "idle_timeout_in_minutes": 4,
            "ip_address": "20.70.75.49",
            "ip_tags": {},
            "ip_version": "IPv4",
            "location": "australiasoutheast",
            "name": "web-lb-public-ip",
            "public_ip_prefix_id": null,
            "resource_group_name": "HybridNetworkSimRG",
            "reverse_fqdn": null,
            "sku": "Standard",
            "sku_tier": "Regional",
            "tags": {},
            "timeouts": null,
            "zones": []
          },
          "sensitive_attributes": [],
          "private": "eyJlMmJmYjczMC1lY2FhLTExZTYtOGY4OC0zNDM2M2JjN2M0YzAiOnsiY3JlYXRlIjoxODAwMDAwMDAwMDAwLCJkZWxldGUiOjE4MDAwMDAwMDAwMDAsInJlYWQiOjMwMDAwMDAwMDAwMCwidXBkYXRlIjoxODAwMDAwMDAwMDAwfX0=",
          "dependencies": [
            "azurerm_resource_group.rg"
          ]
        }
      ]
    },
    {
      "mode": "managed",
      "type": "azurerm_public_ip",
      "name": "onprem_pip",
      "provider": "provider[\"registry.terraform.io/hashicorp/azurerm\"]",
      "instances": [
        {
          "schema_version": 0,
          "attributes": {
            "allocation_method": "Dynamic",
            "ddos_protection_mode": "VirtualNetworkInherited",
            "ddos_protection_plan_id": null,
            "domain_name_label": null,
            "edge_zone": "",
            "fqdn": null,
            "id": "/subscriptions/dc3f097d-41a3-4f48-bcf6-7957cf874a41/resourceGroups/HybridNetworkSimRG/providers/Microsoft.Network/publicIPAddresses/onprem_gatewaypip",
            "idle_timeout_in_minutes": 4,
            "ip_address": "4.199.7.214",
            "ip_tags": {},
            "ip_version": "IPv4",
            "location": "australiasoutheast",
            "name": "onprem_gatewaypip",
            "public_ip_prefix_id": null,
            "resource_group_name": "HybridNetworkSimRG",
            "reverse_fqdn": null,
            "sku": "Basic",
            "sku_tier": "Regional",
            "tags": {},
            "timeouts": null,
            "zones": []
          },
          "sensitive_attributes": [],
          "private": "eyJlMmJmYjczMC1lY2FhLTExZTYtOGY4OC0zNDM2M2JjN2M0YzAiOnsiY3JlYXRlIjoxODAwMDAwMDAwMDAwLCJkZWxldGUiOjE4MDAwMDAwMDAwMDAsInJlYWQiOjMwMDAwMDAwMDAwMCwidXBkYXRlIjoxODAwMDAwMDAwMDAwfX0=",
          "dependencies": [
            "azurerm_resource_group.rg"
          ]
        }
      ]
    },
    {
      "mode": "managed",
      "type": "azurerm_public_ip",
      "name": "pip",
      "provider": "provider[\"registry.terraform.io/hashicorp/azurerm\"]",
      "instances": [
        {
          "schema_version": 0,
          "attributes": {
            "allocation_method": "Dynamic",
            "ddos_protection_mode": "VirtualNetworkInherited",
            "ddos_protection_plan_id": null,
            "domain_name_label": null,
            "edge_zone": "",
            "fqdn": null,
            "id": "/subscriptions/dc3f097d-41a3-4f48-bcf6-7957cf874a41/resourceGroups/HybridNetworkSimRG/providers/Microsoft.Network/publicIPAddresses/gatewaypip",
            "idle_timeout_in_minutes": 4,
            "ip_address": "40.115.91.11",
            "ip_tags": {},
            "ip_version": "IPv4",
            "location": "australiasoutheast",
            "name": "gatewaypip",
            "public_ip_prefix_id": null,
            "resource_group_name": "HybridNetworkSimRG",
            "reverse_fqdn": null,
            "sku": "Basic",
            "sku_tier": "Regional",
            "tags": {},
            "timeouts": null,
            "zones": []
          },
          "sensitive_attributes": [],
          "private": "eyJlMmJmYjczMC1lY2FhLTExZTYtOGY4OC0zNDM2M2JjN2M0YzAiOnsiY3JlYXRlIjoxODAwMDAwMDAwMDAwLCJkZWxldGUiOjE4MDAwMDAwMDAwMDAsInJlYWQiOjMwMDAwMDAwMDAwMCwidXBkYXRlIjoxODAwMDAwMDAwMDAwfX0=",
          "dependencies": [
            "azurerm_resource_group.rg"
          ]
        }
      ]
    },
    {
      "mode": "managed",
      "type": "azurerm_resource_group",
      "name": "rg",
      "provider": "provider[\"registry.terraform.io/hashicorp/azurerm\"]",
      "instances": [
        {
          "schema_version": 0,
          "attributes": {
            "id": "/subscriptions/dc3f097d-41a3-4f48-bcf6-7957cf874a41/resourceGroups/HybridNetworkSimRG",
            "location": "australiasoutheast",
            "managed_by": "",
            "name": "HybridNetworkSimRG",
            "tags": {
              "Environment": "HybridNetworkSim"
            },
            "timeouts": null
          },
          "sensitive_attributes": [],
          "private": "eyJlMmJmYjczMC1lY2FhLTExZTYtOGY4OC0zNDM2M2JjN2M0YzAiOnsiY3JlYXRlIjo1NDAwMDAwMDAwMDAwLCJkZWxldGUiOjU0MDAwMDAwMDAwMDAsInJlYWQiOjMwMDAwMDAwMDAwMCwidXBkYXRlIjo1NDAwMDAwMDAwMDAwfX0="
        }
      ]
    },
    {
      "mode": "managed",
      "type": "azurerm_subnet",
      "name": "adminsubnet",
      "provider": "provider[\"registry.terraform.io/hashicorp/azurerm\"]",
      "instances": [
        {
          "schema_version": 0,
          "attributes": {
            "address_prefixes": [
              "10.0.3.0/24"
            ],
            "delegation": [],
            "enforce_private_link_endpoint_network_policies": false,
            "enforce_private_link_service_network_policies": false,
            "id": "/subscriptions/dc3f097d-41a3-4f48-bcf6-7957cf874a41/resourceGroups/HybridNetworkSimRG/providers/Microsoft.Network/virtualNetworks/azurevnet/subnets/AdminSubnet",
            "name": "AdminSubnet",
            "private_endpoint_network_policies_enabled": true,
            "private_link_service_network_policies_enabled": true,
            "resource_group_name": "HybridNetworkSimRG",
            "service_endpoint_policy_ids": [],
            "service_endpoints": [],
            "timeouts": null,
            "virtual_network_name": "azurevnet"
          },
          "sensitive_attributes": [],
          "private": "eyJlMmJmYjczMC1lY2FhLTExZTYtOGY4OC0zNDM2M2JjN2M0YzAiOnsiY3JlYXRlIjoxODAwMDAwMDAwMDAwLCJkZWxldGUiOjE4MDAwMDAwMDAwMDAsInJlYWQiOjMwMDAwMDAwMDAwMCwidXBkYXRlIjoxODAwMDAwMDAwMDAwfX0=",
          "dependencies": [
            "azurerm_resource_group.rg",
            "azurerm_virtual_network.vnet"
          ]
        }
      ]
    },
    {
      "mode": "managed",
      "type": "azurerm_subnet",
      "name": "bastionsubnet",
      "provider": "provider[\"registry.terraform.io/hashicorp/azurerm\"]",
      "instances": [
        {
          "schema_version": 0,
          "attributes": {
            "address_prefixes": [
              "10.0.5.0/25"
            ],
            "delegation": [],
            "enforce_private_link_endpoint_network_policies": false,
            "enforce_private_link_service_network_policies": false,
            "id": "/subscriptions/dc3f097d-41a3-4f48-bcf6-7957cf874a41/resourceGroups/HybridNetworkSimRG/providers/Microsoft.Network/virtualNetworks/azurevnet/subnets/AzureBastionSubnet",
            "name": "AzureBastionSubnet",
            "private_endpoint_network_policies_enabled": true,
            "private_link_service_network_policies_enabled": true,
            "resource_group_name": "HybridNetworkSimRG",
            "service_endpoint_policy_ids": [],
            "service_endpoints": [],
            "timeouts": null,
            "virtual_network_name": "azurevnet"
          },
          "sensitive_attributes": [],
          "private": "eyJlMmJmYjczMC1lY2FhLTExZTYtOGY4OC0zNDM2M2JjN2M0YzAiOnsiY3JlYXRlIjoxODAwMDAwMDAwMDAwLCJkZWxldGUiOjE4MDAwMDAwMDAwMDAsInJlYWQiOjMwMDAwMDAwMDAwMCwidXBkYXRlIjoxODAwMDAwMDAwMDAwfX0=",
          "dependencies": [
            "azurerm_resource_group.rg",
            "azurerm_virtual_network.vnet"
          ]
        }
      ]
    },
    {
      "mode": "managed",
      "type": "azurerm_subnet",
      "name": "databasesubnet",
      "provider": "provider[\"registry.terraform.io/hashicorp/azurerm\"]",
      "instances": [
        {
          "schema_version": 0,
          "attributes": {
            "address_prefixes": [
              "10.0.2.0/24"
            ],
            "delegation": [],
            "enforce_private_link_endpoint_network_policies": false,
            "enforce_private_link_service_network_policies": true,
            "id": "/subscriptions/dc3f097d-41a3-4f48-bcf6-7957cf874a41/resourceGroups/HybridNetworkSimRG/providers/Microsoft.Network/virtualNetworks/azurevnet/subnets/DatabaseSubnet",
            "name": "DatabaseSubnet",
            "private_endpoint_network_policies_enabled": true,
            "private_link_service_network_policies_enabled": false,
            "resource_group_name": "HybridNetworkSimRG",
            "service_endpoint_policy_ids": [],
            "service_endpoints": [],
            "timeouts": null,
            "virtual_network_name": "azurevnet"
          },
          "sensitive_attributes": [],
          "private": "eyJlMmJmYjczMC1lY2FhLTExZTYtOGY4OC0zNDM2M2JjN2M0YzAiOnsiY3JlYXRlIjoxODAwMDAwMDAwMDAwLCJkZWxldGUiOjE4MDAwMDAwMDAwMDAsInJlYWQiOjMwMDAwMDAwMDAwMCwidXBkYXRlIjoxODAwMDAwMDAwMDAwfX0=",
          "dependencies": [
            "azurerm_resource_group.rg",
            "azurerm_virtual_network.vnet"
          ]
        }
      ]
    },
    {
      "mode": "managed",
      "type": "azurerm_subnet",
      "name": "vpngateway_onprem_subnet",
      "provider": "provider[\"registry.terraform.io/hashicorp/azurerm\"]",
      "instances": [
        {
          "schema_version": 0,
          "attributes": {
            "address_prefixes": [
              "10.1.1.0/24"
            ],
            "delegation": [],
            "enforce_private_link_endpoint_network_policies": false,
            "enforce_private_link_service_network_policies": false,
            "id": "/subscriptions/dc3f097d-41a3-4f48-bcf6-7957cf874a41/resourceGroups/HybridNetworkSimRG/providers/Microsoft.Network/virtualNetworks/onpremvnet/subnets/GatewaySubnet",
            "name": "GatewaySubnet",
            "private_endpoint_network_policies_enabled": true,
            "private_link_service_network_policies_enabled": true,
            "resource_group_name": "HybridNetworkSimRG",
            "service_endpoint_policy_ids": [],
            "service_endpoints": [],
            "timeouts": null,
            "virtual_network_name": "onpremvnet"
          },
          "sensitive_attributes": [],
          "private": "eyJlMmJmYjczMC1lY2FhLTExZTYtOGY4OC0zNDM2M2JjN2M0YzAiOnsiY3JlYXRlIjoxODAwMDAwMDAwMDAwLCJkZWxldGUiOjE4MDAwMDAwMDAwMDAsInJlYWQiOjMwMDAwMDAwMDAwMCwidXBkYXRlIjoxODAwMDAwMDAwMDAwfX0=",
          "dependencies": [
            "azurerm_resource_group.rg",
            "azurerm_virtual_network.onpremvnet"
          ]
        }
      ]
    },
    {
      "mode": "managed",
      "type": "azurerm_subnet",
      "name": "vpngatewaysubnet",
      "provider": "provider[\"registry.terraform.io/hashicorp/azurerm\"]",
      "instances": [
        {
          "schema_version": 0,
          "attributes": {
            "address_prefixes": [
              "10.0.4.0/24"
            ],
            "delegation": [],
            "enforce_private_link_endpoint_network_policies": false,
            "enforce_private_link_service_network_policies": false,
            "id": "/subscriptions/dc3f097d-41a3-4f48-bcf6-7957cf874a41/resourceGroups/HybridNetworkSimRG/providers/Microsoft.Network/virtualNetworks/azurevnet/subnets/GatewaySubnet",
            "name": "GatewaySubnet",
            "private_endpoint_network_policies_enabled": true,
            "private_link_service_network_policies_enabled": true,
            "resource_group_name": "HybridNetworkSimRG",
            "service_endpoint_policy_ids": [],
            "service_endpoints": [],
            "timeouts": null,
            "virtual_network_name": "azurevnet"
          },
          "sensitive_attributes": [],
          "private": "eyJlMmJmYjczMC1lY2FhLTExZTYtOGY4OC0zNDM2M2JjN2M0YzAiOnsiY3JlYXRlIjoxODAwMDAwMDAwMDAwLCJkZWxldGUiOjE4MDAwMDAwMDAwMDAsInJlYWQiOjMwMDAwMDAwMDAwMCwidXBkYXRlIjoxODAwMDAwMDAwMDAwfX0=",
          "dependencies": [
            "azurerm_resource_group.rg",
            "azurerm_virtual_network.vnet"
          ]
        }
      ]
    },
    {
      "mode": "managed",
      "type": "azurerm_subnet",
      "name": "webappsubnet",
      "provider": "provider[\"registry.terraform.io/hashicorp/azurerm\"]",
      "instances": [
        {
          "schema_version": 0,
          "attributes": {
            "address_prefixes": [
              "10.0.1.0/24"
            ],
            "delegation": [],
            "enforce_private_link_endpoint_network_policies": false,
            "enforce_private_link_service_network_policies": false,
            "id": "/subscriptions/dc3f097d-41a3-4f48-bcf6-7957cf874a41/resourceGroups/HybridNetworkSimRG/providers/Microsoft.Network/virtualNetworks/azurevnet/subnets/WebAppSubnet",
            "name": "WebAppSubnet",
            "private_endpoint_network_policies_enabled": true,
            "private_link_service_network_policies_enabled": true,
            "resource_group_name": "HybridNetworkSimRG",
            "service_endpoint_policy_ids": [],
            "service_endpoints": [],
            "timeouts": null,
            "virtual_network_name": "azurevnet"
          },
          "sensitive_attributes": [],
          "private": "eyJlMmJmYjczMC1lY2FhLTExZTYtOGY4OC0zNDM2M2JjN2M0YzAiOnsiY3JlYXRlIjoxODAwMDAwMDAwMDAwLCJkZWxldGUiOjE4MDAwMDAwMDAwMDAsInJlYWQiOjMwMDAwMDAwMDAwMCwidXBkYXRlIjoxODAwMDAwMDAwMDAwfX0=",
          "dependencies": [
            "azurerm_resource_group.rg",
            "azurerm_virtual_network.vnet"
          ]
        }
      ]
    },
    {
      "mode": "managed",
      "type": "azurerm_subnet_network_security_group_association",
      "name": "adminsubnet_association",
      "provider": "provider[\"registry.terraform.io/hashicorp/azurerm\"]",
      "instances": [
        {
          "schema_version": 0,
          "attributes": {
            "id": "/subscriptions/dc3f097d-41a3-4f48-bcf6-7957cf874a41/resourceGroups/HybridNetworkSimRG/providers/Microsoft.Network/virtualNetworks/azurevnet/subnets/AdminSubnet",
            "network_security_group_id": "/subscriptions/dc3f097d-41a3-4f48-bcf6-7957cf874a41/resourceGroups/HybridNetworkSimRG/providers/Microsoft.Network/networkSecurityGroups/subnet-nsg",
            "subnet_id": "/subscriptions/dc3f097d-41a3-4f48-bcf6-7957cf874a41/resourceGroups/HybridNetworkSimRG/providers/Microsoft.Network/virtualNetworks/azurevnet/subnets/AdminSubnet",
            "timeouts": null
          },
          "sensitive_attributes": [],
          "private": "eyJlMmJmYjczMC1lY2FhLTExZTYtOGY4OC0zNDM2M2JjN2M0YzAiOnsiY3JlYXRlIjoxODAwMDAwMDAwMDAwLCJkZWxldGUiOjE4MDAwMDAwMDAwMDAsInJlYWQiOjMwMDAwMDAwMDAwMH19",
          "dependencies": [
            "azurerm_network_security_group.subnetnsg",
            "azurerm_resource_group.rg",
            "azurerm_subnet.adminsubnet",
            "azurerm_virtual_network.vnet"
          ]
        }
      ]
    },
    {
      "mode": "managed",
      "type": "azurerm_subnet_network_security_group_association",
      "name": "databasesubnet_association",
      "provider": "provider[\"registry.terraform.io/hashicorp/azurerm\"]",
      "instances": [
        {
          "schema_version": 0,
          "attributes": {
            "id": "/subscriptions/dc3f097d-41a3-4f48-bcf6-7957cf874a41/resourceGroups/HybridNetworkSimRG/providers/Microsoft.Network/virtualNetworks/azurevnet/subnets/DatabaseSubnet",
            "network_security_group_id": "/subscriptions/dc3f097d-41a3-4f48-bcf6-7957cf874a41/resourceGroups/HybridNetworkSimRG/providers/Microsoft.Network/networkSecurityGroups/subnet-nsg",
            "subnet_id": "/subscriptions/dc3f097d-41a3-4f48-bcf6-7957cf874a41/resourceGroups/HybridNetworkSimRG/providers/Microsoft.Network/virtualNetworks/azurevnet/subnets/DatabaseSubnet",
            "timeouts": null
          },
          "sensitive_attributes": [],
          "private": "eyJlMmJmYjczMC1lY2FhLTExZTYtOGY4OC0zNDM2M2JjN2M0YzAiOnsiY3JlYXRlIjoxODAwMDAwMDAwMDAwLCJkZWxldGUiOjE4MDAwMDAwMDAwMDAsInJlYWQiOjMwMDAwMDAwMDAwMH19",
          "dependencies": [
            "azurerm_network_security_group.subnetnsg",
            "azurerm_resource_group.rg",
            "azurerm_subnet.databasesubnet",
            "azurerm_virtual_network.vnet"
          ]
        }
      ]
    },
    {
      "mode": "managed",
      "type": "azurerm_subnet_network_security_group_association",
      "name": "webappsubnet_association",
      "provider": "provider[\"registry.terraform.io/hashicorp/azurerm\"]",
      "instances": [
        {
          "schema_version": 0,
          "attributes": {
            "id": "/subscriptions/dc3f097d-41a3-4f48-bcf6-7957cf874a41/resourceGroups/HybridNetworkSimRG/providers/Microsoft.Network/virtualNetworks/azurevnet/subnets/WebAppSubnet",
            "network_security_group_id": "/subscriptions/dc3f097d-41a3-4f48-bcf6-7957cf874a41/resourceGroups/HybridNetworkSimRG/providers/Microsoft.Network/networkSecurityGroups/subnet-nsg",
            "subnet_id": "/subscriptions/dc3f097d-41a3-4f48-bcf6-7957cf874a41/resourceGroups/HybridNetworkSimRG/providers/Microsoft.Network/virtualNetworks/azurevnet/subnets/WebAppSubnet",
            "timeouts": null
          },
          "sensitive_attributes": [],
          "private": "eyJlMmJmYjczMC1lY2FhLTExZTYtOGY4OC0zNDM2M2JjN2M0YzAiOnsiY3JlYXRlIjoxODAwMDAwMDAwMDAwLCJkZWxldGUiOjE4MDAwMDAwMDAwMDAsInJlYWQiOjMwMDAwMDAwMDAwMH19",
          "dependencies": [
            "azurerm_network_security_group.subnetnsg",
            "azurerm_resource_group.rg",
            "azurerm_subnet.webappsubnet",
            "azurerm_virtual_network.vnet"
          ]
        }
      ]
    },
    {
      "mode": "managed",
      "type": "azurerm_virtual_network",
      "name": "onpremvnet",
      "provider": "provider[\"registry.terraform.io/hashicorp/azurerm\"]",
      "instances": [
        {
          "schema_version": 0,
          "attributes": {
            "address_space": [
              "10.1.0.0/16"
            ],
            "bgp_community": "",
            "ddos_protection_plan": [],
            "dns_servers": [],
            "edge_zone": "",
            "encryption": [],
            "flow_timeout_in_minutes": 0,
            "guid": "a3afccee-98eb-4f85-9e35-af6f469a020f",
            "id": "/subscriptions/dc3f097d-41a3-4f48-bcf6-7957cf874a41/resourceGroups/HybridNetworkSimRG/providers/Microsoft.Network/virtualNetworks/onpremvnet",
            "location": "australiasoutheast",
            "name": "onpremvnet",
            "resource_group_name": "HybridNetworkSimRG",
            "subnet": [
              {
                "address_prefix": "10.1.1.0/24",
                "id": "/subscriptions/dc3f097d-41a3-4f48-bcf6-7957cf874a41/resourceGroups/HybridNetworkSimRG/providers/Microsoft.Network/virtualNetworks/onpremvnet/subnets/GatewaySubnet",
                "name": "GatewaySubnet",
                "security_group": ""
              }
            ],
            "tags": {},
            "timeouts": null
          },
          "sensitive_attributes": [],
          "private": "eyJlMmJmYjczMC1lY2FhLTExZTYtOGY4OC0zNDM2M2JjN2M0YzAiOnsiY3JlYXRlIjoxODAwMDAwMDAwMDAwLCJkZWxldGUiOjE4MDAwMDAwMDAwMDAsInJlYWQiOjMwMDAwMDAwMDAwMCwidXBkYXRlIjoxODAwMDAwMDAwMDAwfX0=",
          "dependencies": [
            "azurerm_resource_group.rg"
          ]
        }
      ]
    },
    {
      "mode": "managed",
      "type": "azurerm_virtual_network",
      "name": "vnet",
      "provider": "provider[\"registry.terraform.io/hashicorp/azurerm\"]",
      "instances": [
        {
          "schema_version": 0,
          "attributes": {
            "address_space": [
              "10.0.0.0/16"
            ],
            "bgp_community": "",
            "ddos_protection_plan": [],
            "dns_servers": [],
            "edge_zone": "",
            "encryption": [],
            "flow_timeout_in_minutes": 0,
            "guid": "aa239d39-6979-45ea-9b9b-6d78e86945f7",
            "id": "/subscriptions/dc3f097d-41a3-4f48-bcf6-7957cf874a41/resourceGroups/HybridNetworkSimRG/providers/Microsoft.Network/virtualNetworks/azurevnet",
            "location": "australiasoutheast",
            "name": "azurevnet",
            "resource_group_name": "HybridNetworkSimRG",
            "subnet": [
              {
                "address_prefix": "10.0.1.0/24",
                "id": "/subscriptions/dc3f097d-41a3-4f48-bcf6-7957cf874a41/resourceGroups/HybridNetworkSimRG/providers/Microsoft.Network/virtualNetworks/azurevnet/subnets/WebAppSubnet",
                "name": "WebAppSubnet",
                "security_group": "/subscriptions/dc3f097d-41a3-4f48-bcf6-7957cf874a41/resourceGroups/HybridNetworkSimRG/providers/Microsoft.Network/networkSecurityGroups/subnet-nsg"
              },
              {
                "address_prefix": "10.0.2.0/24",
                "id": "/subscriptions/dc3f097d-41a3-4f48-bcf6-7957cf874a41/resourceGroups/HybridNetworkSimRG/providers/Microsoft.Network/virtualNetworks/azurevnet/subnets/DatabaseSubnet",
                "name": "DatabaseSubnet",
                "security_group": "/subscriptions/dc3f097d-41a3-4f48-bcf6-7957cf874a41/resourceGroups/HybridNetworkSimRG/providers/Microsoft.Network/networkSecurityGroups/subnet-nsg"
              },
              {
                "address_prefix": "10.0.3.0/24",
                "id": "/subscriptions/dc3f097d-41a3-4f48-bcf6-7957cf874a41/resourceGroups/HybridNetworkSimRG/providers/Microsoft.Network/virtualNetworks/azurevnet/subnets/AdminSubnet",
                "name": "AdminSubnet",
                "security_group": "/subscriptions/dc3f097d-41a3-4f48-bcf6-7957cf874a41/resourceGroups/HybridNetworkSimRG/providers/Microsoft.Network/networkSecurityGroups/subnet-nsg"
              },
              {
                "address_prefix": "10.0.4.0/24",
                "id": "/subscriptions/dc3f097d-41a3-4f48-bcf6-7957cf874a41/resourceGroups/HybridNetworkSimRG/providers/Microsoft.Network/virtualNetworks/azurevnet/subnets/GatewaySubnet",
                "name": "GatewaySubnet",
                "security_group": ""
              },
              {
                "address_prefix": "10.0.5.0/25",
                "id": "/subscriptions/dc3f097d-41a3-4f48-bcf6-7957cf874a41/resourceGroups/HybridNetworkSimRG/providers/Microsoft.Network/virtualNetworks/azurevnet/subnets/AzureBastionSubnet",
                "name": "AzureBastionSubnet",
                "security_group": ""
              }
            ],
            "tags": {},
            "timeouts": null
          },
          "sensitive_attributes": [],
          "private": "eyJlMmJmYjczMC1lY2FhLTExZTYtOGY4OC0zNDM2M2JjN2M0YzAiOnsiY3JlYXRlIjoxODAwMDAwMDAwMDAwLCJkZWxldGUiOjE4MDAwMDAwMDAwMDAsInJlYWQiOjMwMDAwMDAwMDAwMCwidXBkYXRlIjoxODAwMDAwMDAwMDAwfX0=",
          "dependencies": [
            "azurerm_resource_group.rg"
          ]
        }
      ]
    },
    {
      "mode": "managed",
      "type": "azurerm_virtual_network_gateway",
      "name": "onprem_vpngateway",
      "provider": "provider[\"registry.terraform.io/hashicorp/azurerm\"]",
      "instances": [
        {
          "schema_version": 0,
          "attributes": {
            "active_active": false,
            "bgp_route_translation_for_nat_enabled": false,
            "bgp_settings": [],
            "custom_route": [],
            "default_local_network_gateway_id": null,
            "dns_forwarding_enabled": false,
            "edge_zone": "",
            "enable_bgp": false,
            "generation": "Generation1",
            "id": "/subscriptions/dc3f097d-41a3-4f48-bcf6-7957cf874a41/resourceGroups/HybridNetworkSimRG/providers/Microsoft.Network/virtualNetworkGateways/onpremvnet_vpn_gateway",
            "ip_configuration": [
              {
                "name": "onpremGatewayConfig",
                "private_ip_address_allocation": "Dynamic",
                "public_ip_address_id": "/subscriptions/dc3f097d-41a3-4f48-bcf6-7957cf874a41/resourceGroups/HybridNetworkSimRG/providers/Microsoft.Network/publicIPAddresses/onprem_gatewaypip",
                "subnet_id": "/subscriptions/dc3f097d-41a3-4f48-bcf6-7957cf874a41/resourceGroups/HybridNetworkSimRG/providers/Microsoft.Network/virtualNetworks/onpremvnet/subnets/GatewaySubnet"
              }
            ],
            "ip_sec_replay_protection_enabled": true,
            "location": "australiasoutheast",
            "name": "onpremvnet_vpn_gateway",
            "policy_group": [],
            "private_ip_address_enabled": false,
            "remote_vnet_traffic_enabled": false,
            "resource_group_name": "HybridNetworkSimRG",
            "sku": "Basic",
            "tags": {},
            "timeouts": null,
            "type": "Vpn",
            "virtual_wan_traffic_enabled": false,
            "vpn_client_configuration": [],
            "vpn_type": "RouteBased"
          },
          "sensitive_attributes": [],
          "private": "eyJlMmJmYjczMC1lY2FhLTExZTYtOGY4OC0zNDM2M2JjN2M0YzAiOnsiY3JlYXRlIjo1NDAwMDAwMDAwMDAwLCJkZWxldGUiOjM2MDAwMDAwMDAwMDAsInJlYWQiOjMwMDAwMDAwMDAwMCwidXBkYXRlIjozNjAwMDAwMDAwMDAwfX0=",
          "dependencies": [
            "azurerm_public_ip.onprem_pip",
            "azurerm_resource_group.rg",
            "azurerm_subnet.vpngateway_onprem_subnet",
            "azurerm_virtual_network.onpremvnet"
          ]
        }
      ]
    },
    {
      "mode": "managed",
      "type": "azurerm_virtual_network_gateway",
      "name": "vpngateway",
      "provider": "provider[\"registry.terraform.io/hashicorp/azurerm\"]",
      "instances": [
        {
          "schema_version": 0,
          "attributes": {
            "active_active": false,
            "bgp_route_translation_for_nat_enabled": false,
            "bgp_settings": [],
            "custom_route": [],
            "default_local_network_gateway_id": null,
            "dns_forwarding_enabled": false,
            "edge_zone": "",
            "enable_bgp": false,
            "generation": "Generation1",
            "id": "/subscriptions/dc3f097d-41a3-4f48-bcf6-7957cf874a41/resourceGroups/HybridNetworkSimRG/providers/Microsoft.Network/virtualNetworkGateways/azurevnet_vpn_gateway",
            "ip_configuration": [
              {
                "name": "vnetGatewayConfig",
                "private_ip_address_allocation": "Dynamic",
                "public_ip_address_id": "/subscriptions/dc3f097d-41a3-4f48-bcf6-7957cf874a41/resourceGroups/HybridNetworkSimRG/providers/Microsoft.Network/publicIPAddresses/gatewaypip",
                "subnet_id": "/subscriptions/dc3f097d-41a3-4f48-bcf6-7957cf874a41/resourceGroups/HybridNetworkSimRG/providers/Microsoft.Network/virtualNetworks/azurevnet/subnets/GatewaySubnet"
              }
            ],
            "ip_sec_replay_protection_enabled": true,
            "location": "australiasoutheast",
            "name": "azurevnet_vpn_gateway",
            "policy_group": [],
            "private_ip_address_enabled": false,
            "remote_vnet_traffic_enabled": false,
            "resource_group_name": "HybridNetworkSimRG",
            "sku": "Basic",
            "tags": {},
            "timeouts": null,
            "type": "Vpn",
            "virtual_wan_traffic_enabled": false,
            "vpn_client_configuration": [
              {
                "aad_audience": "",
                "aad_issuer": "",
                "aad_tenant": "",
                "address_space": [
                  "10.1.0.0/24"
                ],
                "ipsec_policy": [],
                "radius_server": [],
                "radius_server_address": "",
                "radius_server_secret": "",
                "revoked_certificate": [],
                "root_certificate": [],
                "virtual_network_gateway_client_connection": [],
                "vpn_auth_types": [],
                "vpn_client_protocols": [
                  "SSTP"
                ]
              }
            ],
            "vpn_type": "RouteBased"
          },
          "sensitive_attributes": [],
          "private": "eyJlMmJmYjczMC1lY2FhLTExZTYtOGY4OC0zNDM2M2JjN2M0YzAiOnsiY3JlYXRlIjo1NDAwMDAwMDAwMDAwLCJkZWxldGUiOjM2MDAwMDAwMDAwMDAsInJlYWQiOjMwMDAwMDAwMDAwMCwidXBkYXRlIjozNjAwMDAwMDAwMDAwfX0=",
          "dependencies": [
            "azurerm_public_ip.pip",
            "azurerm_resource_group.rg",
            "azurerm_subnet.vpngatewaysubnet",
            "azurerm_virtual_network.vnet"
          ]
        }
      ]
    },
    {
      "mode": "managed",
      "type": "azurerm_virtual_network_gateway_connection",
      "name": "azure_to_onprem",
      "provider": "provider[\"registry.terraform.io/hashicorp/azurerm\"]",
      "instances": [
        {
          "schema_version": 0,
          "attributes": {
            "authorization_key": "",
            "connection_mode": "Default",
            "connection_protocol": "IKEv2",
            "custom_bgp_addresses": [],
            "dpd_timeout_seconds": 0,
            "egress_nat_rule_ids": [],
            "enable_bgp": false,
            "express_route_circuit_id": null,
            "express_route_gateway_bypass": false,
            "id": "/subscriptions/dc3f097d-41a3-4f48-bcf6-7957cf874a41/resourceGroups/HybridNetworkSimRG/providers/Microsoft.Network/connections/azure_to_onprem",
            "ingress_nat_rule_ids": [],
            "ipsec_policy": [],
            "local_azure_ip_address_enabled": false,
            "local_network_gateway_id": null,
            "location": "australiasoutheast",
            "name": "azure_to_onprem",
            "peer_virtual_network_gateway_id": "/subscriptions/dc3f097d-41a3-4f48-bcf6-7957cf874a41/resourceGroups/HybridNetworkSimRG/providers/Microsoft.Network/virtualNetworkGateways/onpremvnet_vpn_gateway",
            "resource_group_name": "HybridNetworkSimRG",
            "routing_weight": 0,
            "shared_key": "4-v3ry-53cr37-1p53c-5h4r3d-k3y",
            "tags": {},
            "timeouts": null,
            "traffic_selector_policy": [],
            "type": "Vnet2Vnet",
            "use_policy_based_traffic_selectors": false,
            "virtual_network_gateway_id": "/subscriptions/dc3f097d-41a3-4f48-bcf6-7957cf874a41/resourceGroups/HybridNetworkSimRG/providers/Microsoft.Network/virtualNetworkGateways/azurevnet_vpn_gateway"
          },
          "sensitive_attributes": [],
          "private": "eyJlMmJmYjczMC1lY2FhLTExZTYtOGY4OC0zNDM2M2JjN2M0YzAiOnsiY3JlYXRlIjoxODAwMDAwMDAwMDAwLCJkZWxldGUiOjE4MDAwMDAwMDAwMDAsInJlYWQiOjMwMDAwMDAwMDAwMCwidXBkYXRlIjoxODAwMDAwMDAwMDAwfX0=",
          "dependencies": [
            "azurerm_public_ip.onprem_pip",
            "azurerm_public_ip.pip",
            "azurerm_resource_group.rg",
            "azurerm_subnet.vpngateway_onprem_subnet",
            "azurerm_subnet.vpngatewaysubnet",
            "azurerm_virtual_network.onpremvnet",
            "azurerm_virtual_network.vnet",
            "azurerm_virtual_network_gateway.onprem_vpngateway",
            "azurerm_virtual_network_gateway.vpngateway"
          ]
        }
      ]
    },
    {
      "mode": "managed",
      "type": "azurerm_virtual_network_gateway_connection",
      "name": "onprem_to_azure",
      "provider": "provider[\"registry.terraform.io/hashicorp/azurerm\"]",
      "instances": [
        {
          "schema_version": 0,
          "attributes": {
            "authorization_key": "",
            "connection_mode": "Default",
            "connection_protocol": "IKEv2",
            "custom_bgp_addresses": [],
            "dpd_timeout_seconds": 0,
            "egress_nat_rule_ids": [],
            "enable_bgp": false,
            "express_route_circuit_id": null,
            "express_route_gateway_bypass": false,
            "id": "/subscriptions/dc3f097d-41a3-4f48-bcf6-7957cf874a41/resourceGroups/HybridNetworkSimRG/providers/Microsoft.Network/connections/onprem_to_azure",
            "ingress_nat_rule_ids": [],
            "ipsec_policy": [],
            "local_azure_ip_address_enabled": false,
            "local_network_gateway_id": null,
            "location": "australiasoutheast",
            "name": "onprem_to_azure",
            "peer_virtual_network_gateway_id": "/subscriptions/dc3f097d-41a3-4f48-bcf6-7957cf874a41/resourceGroups/HybridNetworkSimRG/providers/Microsoft.Network/virtualNetworkGateways/azurevnet_vpn_gateway",
            "resource_group_name": "HybridNetworkSimRG",
            "routing_weight": 0,
            "shared_key": "4-v3ry-53cr37-1p53c-5h4r3d-k3y",
            "tags": {},
            "timeouts": null,
            "traffic_selector_policy": [],
            "type": "Vnet2Vnet",
            "use_policy_based_traffic_selectors": false,
            "virtual_network_gateway_id": "/subscriptions/dc3f097d-41a3-4f48-bcf6-7957cf874a41/resourceGroups/HybridNetworkSimRG/providers/Microsoft.Network/virtualNetworkGateways/onpremvnet_vpn_gateway"
          },
          "sensitive_attributes": [],
          "private": "eyJlMmJmYjczMC1lY2FhLTExZTYtOGY4OC0zNDM2M2JjN2M0YzAiOnsiY3JlYXRlIjoxODAwMDAwMDAwMDAwLCJkZWxldGUiOjE4MDAwMDAwMDAwMDAsInJlYWQiOjMwMDAwMDAwMDAwMCwidXBkYXRlIjoxODAwMDAwMDAwMDAwfX0=",
          "dependencies": [
            "azurerm_public_ip.onprem_pip",
            "azurerm_public_ip.pip",
            "azurerm_resource_group.rg",
            "azurerm_subnet.vpngateway_onprem_subnet",
            "azurerm_subnet.vpngatewaysubnet",
            "azurerm_virtual_network.onpremvnet",
            "azurerm_virtual_network.vnet",
            "azurerm_virtual_network_gateway.onprem_vpngateway",
            "azurerm_virtual_network_gateway.vpngateway"
          ]
        }
      ]
    },
    {
      "mode": "managed",
      "type": "azurerm_virtual_network_gateway_connection",
      "name": "onpremise",
      "provider": "provider[\"registry.terraform.io/hashicorp/azurerm\"]",
      "instances": [
        {
          "schema_version": 0,
          "attributes": {
            "authorization_key": "",
            "connection_mode": "Default",
            "connection_protocol": "IKEv2",
            "custom_bgp_addresses": [],
            "dpd_timeout_seconds": 0,
            "egress_nat_rule_ids": [],
            "enable_bgp": false,
            "express_route_circuit_id": null,
            "express_route_gateway_bypass": false,
            "id": "/subscriptions/dc3f097d-41a3-4f48-bcf6-7957cf874a41/resourceGroups/HybridNetworkSimRG/providers/Microsoft.Network/connections/onpremise",
            "ingress_nat_rule_ids": [],
            "ipsec_policy": [],
            "local_azure_ip_address_enabled": false,
            "local_network_gateway_id": "/subscriptions/dc3f097d-41a3-4f48-bcf6-7957cf874a41/resourceGroups/HybridNetworkSimRG/providers/Microsoft.Network/localNetworkGateways/onpremise",
            "location": "australiasoutheast",
            "name": "onpremise",
            "peer_virtual_network_gateway_id": null,
            "resource_group_name": "HybridNetworkSimRG",
            "routing_weight": 0,
            "shared_key": "4-v3ry-53cr37-1p53c-5h4r3d-k3y",
            "tags": {},
            "timeouts": null,
            "traffic_selector_policy": [],
            "type": "IPsec",
            "use_policy_based_traffic_selectors": false,
            "virtual_network_gateway_id": "/subscriptions/dc3f097d-41a3-4f48-bcf6-7957cf874a41/resourceGroups/HybridNetworkSimRG/providers/Microsoft.Network/virtualNetworkGateways/azurevnet_vpn_gateway"
          },
          "sensitive_attributes": [],
          "private": "eyJlMmJmYjczMC1lY2FhLTExZTYtOGY4OC0zNDM2M2JjN2M0YzAiOnsiY3JlYXRlIjoxODAwMDAwMDAwMDAwLCJkZWxldGUiOjE4MDAwMDAwMDAwMDAsInJlYWQiOjMwMDAwMDAwMDAwMCwidXBkYXRlIjoxODAwMDAwMDAwMDAwfX0=",
          "dependencies": [
            "azurerm_local_network_gateway.onpremise",
            "azurerm_public_ip.pip",
            "azurerm_resource_group.rg",
            "azurerm_subnet.vpngatewaysubnet",
            "azurerm_virtual_network.vnet",
            "azurerm_virtual_network_gateway.vpngateway"
          ]
        }
      ]
    },
    {
      "mode": "managed",
      "type": "tls_private_key",
      "name": "vm_ssh",
      "provider": "provider[\"registry.terraform.io/hashicorp/tls\"]",
      "instances": [
        {
          "schema_version": 1,
          "attributes": {
            "algorithm": "RSA",
            "ecdsa_curve": "P224",
            "id": "94b8b81b03b504488fcab0be3d0fb6220dc420d6",
            "private_key_openssh": "-----BEGIN OPENSSH PRIVATE KEY-----\nb3BlbnNzaC1rZXktdjEAAAAABG5vbmUAAAAEbm9uZQAAAAAAAAABAAACFwAAAAdz\nc2gtcnNhAAAAAwEAAQAAAgEAu1VCs/jDbQjpuBc+h4KR+DLMulPhjVzKhpAj0M7V\nJplBzDXwBPtWS7ZEdIwKPkx0KlI5mx6NMwfhJlT1dex6h+Ip5XHh2t4oZKUvmKlG\nWbCNb+cy5wf9tFNDyDqIriYAJ+R/DHkev6b4eW0KYSEbPxFT8hL+5b5OJqG46Lk7\n3+O+S3weCRL/MaJ7xLFn1qaZUJGPFy1g1zN8QIYb4elg5PUooJCgB1f6es8qAKsX\nNAgrGDmWPnvMzHgPl6t5C9IQVhme+Qh81S2vCOVw2fPH9j2PDh4I6Qj7JmjeZrZD\njZMchKKAcYGdHv6b7C9q1pKarxBhgDfQ4UbrnlfoDhjdlSuep9GLDGb2S0eM6fqT\nfsLgiNG2psx75o1+wLQzNhjsGlBZKS+L8PL2gCwqxdlOzF4q0KDLHQJS8AdU3/2/\nl6P3yecBFHjiG/y2f2XcKtGj93BitdgAh4/d87D7LLe0ANxOo8hjESpZBFksCWMy\ni1ddcBGr8UdN37NC18zaxPOdqM0ea20xTzKg9K0xl+Nw1b2lJbigVbvvGcAcGVV5\nWF6/80AyD76uqnR73anxkoc4NmPYbZDBCCNyYhTFVE8eEhI8sRNPfj6f+j5VbcBU\nNyDTHzFSEM8EWpA6r3YiDL4Hxpwya603D+4BFyBr56PzqtHzCB6B6rO8g9UKS/2a\n9mEAAAc44U94TeFPeE0AAAAHc3NoLXJzYQAAAgEAu1VCs/jDbQjpuBc+h4KR+DLM\nulPhjVzKhpAj0M7VJplBzDXwBPtWS7ZEdIwKPkx0KlI5mx6NMwfhJlT1dex6h+Ip\n5XHh2t4oZKUvmKlGWbCNb+cy5wf9tFNDyDqIriYAJ+R/DHkev6b4eW0KYSEbPxFT\n8hL+5b5OJqG46Lk73+O+S3weCRL/MaJ7xLFn1qaZUJGPFy1g1zN8QIYb4elg5PUo\noJCgB1f6es8qAKsXNAgrGDmWPnvMzHgPl6t5C9IQVhme+Qh81S2vCOVw2fPH9j2P\nDh4I6Qj7JmjeZrZDjZMchKKAcYGdHv6b7C9q1pKarxBhgDfQ4UbrnlfoDhjdlSue\np9GLDGb2S0eM6fqTfsLgiNG2psx75o1+wLQzNhjsGlBZKS+L8PL2gCwqxdlOzF4q\n0KDLHQJS8AdU3/2/l6P3yecBFHjiG/y2f2XcKtGj93BitdgAh4/d87D7LLe0ANxO\no8hjESpZBFksCWMyi1ddcBGr8UdN37NC18zaxPOdqM0ea20xTzKg9K0xl+Nw1b2l\nJbigVbvvGcAcGVV5WF6/80AyD76uqnR73anxkoc4NmPYbZDBCCNyYhTFVE8eEhI8\nsRNPfj6f+j5VbcBUNyDTHzFSEM8EWpA6r3YiDL4Hxpwya603D+4BFyBr56PzqtHz\nCB6B6rO8g9UKS/2a9mEAAAADAQABAAACAAjd6kBWf/mDOHzMLNuBJKOY0/Pl0IE+\naR+hZvCVOaWQD3s4+lliBB2lTOwvTLTSLZVrOurKsWg+8Ts9PjkMrmgMHmuLzmLr\nrQHGh9A0Au5v2uH3EYO57xo/7q9lhd6oUc2RlSnj+b6cippEvP8H8CA2E8EbgREi\nxtQxR21Mhzb7sqAkCc/oJEgXJsCSnRWd4RfdK+au8Sx+dV0ge+VfhISRzhB7h/eR\nBHwXnidV8c02rcOBxkjC11i+Pg6xwRL8KGXK5Klo62+zr9s98O+ACHDxTPogFc/h\n6vFQeWZnLh9fXTQx9N5qgiNbbcnqHKZ3Xfb3UYYeHjbrgm+GPaedKa+3Ezgqf9zj\nUxh0GQgETm3Xuax+kbCBadnCKIgsOM2MrgkzdRBegJZOBH2bzJhDZGi+Jagu3adL\n4/ECXfKCF8JQ6xNVDFq94yiXGrgooW8jCpA1N3rvP1rHtRIrTQtbTjC8XqnO7OUg\nqzce5XdkB5iJB97ZSbG6+eTPUjr2Mi4ET7kIiluOTH2Dzt+9yDG3Z0nCM1d9QL21\npOnytd8jUYIwtvabcQiu8KIR4UsuC375L1HbYYcscjIJYdQKVWz6zgMBwDf6rvtf\nnlEFGXByFs7LgljgBr1Z93XLR0jL1XuRsdklmzegQ3/gLC9cMeOwp4lTivCdGQvr\nUgGSvfgBv+WhAAABADo52Uc326Ndu5opkcClxJbkSCrNZnoALE6uTKmTmiv13umz\neeJBumCfdDdzaCGKamo+s0FXMi4KJz+H+yzEIqAoKbjxZa+YQV1T797vJbhbnWhC\n8rRSaGgjhtgzPhRUcHu4KHZmrVPuy0ZsIpF3NSABINMwWFk8b+aU6FNLJBio8cIo\nEAte3iJM0gogycaIfiqTINDKa6DNh7D5C3NjTCBv1t6vBGQLfeCrMU89Gp54tuw9\nVngN8MFYA0QVsGlDoF0S0+BD3SpCtoi8OPnB/gmyE2ngrAEpG9/AC2iByQGkTpdi\n1HqF/tZGhwDJPpHuGUSfBbN97EI9WBH9GXOST+wAAAEBAM7ypFG9t/XJ7I39GbqA\napW07Wribs8Sgbm4UiWcBls75cqHvn3NwbR/K1n7OBL+JVwK+T17hssqiviWnJs5\nU70b3nRR6cCyyXHvME2k9HeOD8pUfvRBiUAAy5zXOFCwjCbYBg8bUJDN3Or3lFqd\nweTlbZsu88d+fiRTL9sLbfJNLtBl7I7Zi9099bF8wYMZvIQT736DLpfIplI42S2V\nfrvs8/tQpEZPKozGGLUX/1rzAgAbPM4/GLt/nKXfnw35gvqKOZa04kC2gbqQf7Hw\nrmmSsWJdPUAPz+3eQytqlcxvZeZKTOREFsXUMmEbuX4QqI6xghset/4F2qklGDpA\nSNUAAAEBAOe8aq6CnE7X4VmK2jVPJX6VDxXFmu6HAcsrFoVEWQwfoIKo/h/Ba0Yo\nd0sndgICZ78UQqFijgAXpmTSqGUkryGrNTee2AHOudg/CNW7cL337UdW/bh6VA2G\nLtCyrD6cydS1Un4h806+1WOXy+TZEq4FJDQXZcIxcPklRobs3fq70PMIX8i3gpuA\nvjpEefqVZLJ2Kx6H3So0rePAb8IptXh5l+lOA/ul5QqW0Q9eMeZDTZXNJ68VSg5V\nr8wyg+JRzK13O/4Xt1dltFARt8rHJ3juh7Dyu2bx66AgVj9OCzsXuwpifT04SOfM\nikQURl29Nn7724IteKmrsYcLGl4u/V0AAAAAAQID\n-----END OPENSSH PRIVATE KEY-----\n",
            "private_key_pem": "-----BEGIN RSA PRIVATE KEY-----\nMIIJKAIBAAKCAgEAu1VCs/jDbQjpuBc+h4KR+DLMulPhjVzKhpAj0M7VJplBzDXw\nBPtWS7ZEdIwKPkx0KlI5mx6NMwfhJlT1dex6h+Ip5XHh2t4oZKUvmKlGWbCNb+cy\n5wf9tFNDyDqIriYAJ+R/DHkev6b4eW0KYSEbPxFT8hL+5b5OJqG46Lk73+O+S3we\nCRL/MaJ7xLFn1qaZUJGPFy1g1zN8QIYb4elg5PUooJCgB1f6es8qAKsXNAgrGDmW\nPnvMzHgPl6t5C9IQVhme+Qh81S2vCOVw2fPH9j2PDh4I6Qj7JmjeZrZDjZMchKKA\ncYGdHv6b7C9q1pKarxBhgDfQ4UbrnlfoDhjdlSuep9GLDGb2S0eM6fqTfsLgiNG2\npsx75o1+wLQzNhjsGlBZKS+L8PL2gCwqxdlOzF4q0KDLHQJS8AdU3/2/l6P3yecB\nFHjiG/y2f2XcKtGj93BitdgAh4/d87D7LLe0ANxOo8hjESpZBFksCWMyi1ddcBGr\n8UdN37NC18zaxPOdqM0ea20xTzKg9K0xl+Nw1b2lJbigVbvvGcAcGVV5WF6/80Ay\nD76uqnR73anxkoc4NmPYbZDBCCNyYhTFVE8eEhI8sRNPfj6f+j5VbcBUNyDTHzFS\nEM8EWpA6r3YiDL4Hxpwya603D+4BFyBr56PzqtHzCB6B6rO8g9UKS/2a9mECAwEA\nAQKCAgAI3epAVn/5gzh8zCzbgSSjmNPz5dCBPmkfoWbwlTmlkA97OPpZYgQdpUzs\nL0y00i2VazrqyrFoPvE7PT45DK5oDB5ri85i660BxofQNALub9rh9xGDue8aP+6v\nZYXeqFHNkZUp4/m+nIqaRLz/B/AgNhPBG4ERIsbUMUdtTIc2+7KgJAnP6CRIFybA\nkp0VneEX3SvmrvEsfnVdIHvlX4SEkc4Qe4f3kQR8F54nVfHNNq3DgcZIwtdYvj4O\nscES/ChlyuSpaOtvs6/bPfDvgAhw8Uz6IBXP4erxUHlmZy4fX100MfTeaoIjW23J\n6hymd13291GGHh4264Jvhj2nnSmvtxM4Kn/c41MYdBkIBE5t17msfpGwgWnZwiiI\nLDjNjK4JM3UQXoCWTgR9m8yYQ2RoviWoLt2nS+PxAl3yghfCUOsTVQxaveMolxq4\nKKFvIwqQNTd67z9ax7USK00LW04wvF6pzuzlIKs3HuV3ZAeYiQfe2Umxuvnkz1I6\n9jIuBE+5CIpbjkx9g87fvcgxt2dJwjNXfUC9taTp8rXfI1GCMLb2m3EIrvCiEeFL\nLgt++S9R22GHLHIyCWHUClVs+s4DAcA3+q77X55RBRlwchbOy4JY4Aa9Wfd1y0dI\ny9V7kbHZJZs3oEN/4CwvXDHjsKeJU4rwnRkL61IBkr34Ab/loQKCAQEAzvKkUb23\n9cnsjf0ZuoBqlbTtauJuzxKBubhSJZwGWzvlyoe+fc3BtH8rWfs4Ev4lXAr5PXuG\nyyqK+JacmzlTvRvedFHpwLLJce8wTaT0d44PylR+9EGJQADLnNc4ULCMJtgGDxtQ\nkM3c6veUWp3B5OVtmy7zx35+JFMv2wtt8k0u0GXsjtmL3T31sXzBgxm8hBPvfoMu\nl8imUjjZLZV+u+zz+1CkRk8qjMYYtRf/WvMCABs8zj8Yu3+cpd+fDfmC+oo5lrTi\nQLaBupB/sfCuaZKxYl09QA/P7d5DK2qVzG9l5kpM5EQWxdQyYRu5fhCojrGCGx63\n/gXaqSUYOkBI1QKCAQEA57xqroKcTtfhWYraNU8lfpUPFcWa7ocByysWhURZDB+g\ngqj+H8FrRih3Syd2AgJnvxRCoWKOABemZNKoZSSvIas1N57YAc652D8I1btwvfft\nR1b9uHpUDYYu0LKsPpzJ1LVSfiHzTr7VY5fL5NkSrgUkNBdlwjFw+SVGhuzd+rvQ\n8whfyLeCm4C+OkR5+pVksnYrHofdKjSt48Bvwim1eHmX6U4D+6XlCpbRD14x5kNN\nlc0nrxVKDlWvzDKD4lHMrXc7/he3V2W0UBG3yscneO6HsPK7ZvHroCBWP04LOxe7\nCmJ9PThI58yKRBRGXb02fvvbgi14qauxhwsaXi79XQKCAQB2qTaDEC+NJY0YFUpN\nYBi9YpLHuLIk1c3AeenQWthiM8QdDxyw8evh3RE0dRHAAi3Vyw0CrfOqRuiMhX+i\nmYpkYrh5JgbMUTektquRucXbT3/KWgy5bWKPamVVtyo5SiHym+dNfjIB9ah4qiFM\nnCxzXQIt+wwZFXSqy3AjPzh5uLvhDrBHcIH8B+z7KjejPnyTlwK6Hen3ajvD5YjR\n1GhoxQNY1PJ8xiP1uBiureXjdndtLDD/abp6uD9P9Rs0Xh82HU/MFEevJ3bXTMeL\ndh/rtQs1BZV7SBXHpKwLFwBxymY5V90i/c+4+2UvvT/tAwxDVZDuj/ycEStB1V1A\n+V9JAoIBAQC8S/lTe4WO+xN9MrpD/t+0j2IGit5tWv42G/jcqMDCfSBriu2S2BNW\nmqL0Skg1MccjGE9b2z0PDiiCXDnAlaJIdVl0rHlQXq3b7Lw9D2V4tu/yu9jGAYAy\nzQlVQxl6duP5FqzFGMke/yldF4bxmQD4rezQ9wIUXSAzEfrQv79PcTVDhVZvPc2+\nlUn9Bo8m8iU0bZhz4mnvVYbGPSOSXVm7XvH0/RN3c0E87XdKSXu6Yo20X1MTjPTz\n2ORTw+guCdGKUgxJVvP+7AEr3nm9Jz4HoapYOaPU7lZLcnsiTUQK7ClrMsQY7pcu\n4qCm2OKkYI7bd8LRcClPlNdXp8nxJbVxAoIBADo52Uc326Ndu5opkcClxJbkSCrN\nZnoALE6uTKmTmiv13umzeeJBumCfdDdzaCGKamo+s0FXMi4KJz+H+yzEIqAoKbjx\nZa+YQV1T797vJbhbnWhC8rRSaGgjhtgzPhRUcHu4KHZmrVPuy0ZsIpF3NSABINMw\nWFk8b+aU6FNLJBio8cIoEAte3iJM0gogycaIfiqTINDKa6DNh7D5C3NjTCBv1t6v\nBGQLfeCrMU89Gp54tuw9VngN8MFYA0QVsGlDoF0S0+BD3SpCtoi8OPnB/gmyE2ng\nrAEpG9/AC2iByQGkTpdi1HqF/tZGhwDJPpHuGUSfBbN97EI9WBH9GXOST+w=\n-----END RSA PRIVATE KEY-----\n",
            "private_key_pem_pkcs8": "-----BEGIN PRIVATE KEY-----\nMIIJQgIBADANBgkqhkiG9w0BAQEFAASCCSwwggkoAgEAAoICAQC7VUKz+MNtCOm4\nFz6HgpH4Msy6U+GNXMqGkCPQztUmmUHMNfAE+1ZLtkR0jAo+THQqUjmbHo0zB+Em\nVPV17HqH4inlceHa3ihkpS+YqUZZsI1v5zLnB/20U0PIOoiuJgAn5H8MeR6/pvh5\nbQphIRs/EVPyEv7lvk4mobjouTvf475LfB4JEv8xonvEsWfWpplQkY8XLWDXM3xA\nhhvh6WDk9SigkKAHV/p6zyoAqxc0CCsYOZY+e8zMeA+Xq3kL0hBWGZ75CHzVLa8I\n5XDZ88f2PY8OHgjpCPsmaN5mtkONkxyEooBxgZ0e/pvsL2rWkpqvEGGAN9DhRuue\nV+gOGN2VK56n0YsMZvZLR4zp+pN+wuCI0bamzHvmjX7AtDM2GOwaUFkpL4vw8vaA\nLCrF2U7MXirQoMsdAlLwB1Tf/b+Xo/fJ5wEUeOIb/LZ/Zdwq0aP3cGK12ACHj93z\nsPsst7QA3E6jyGMRKlkEWSwJYzKLV11wEavxR03fs0LXzNrE852ozR5rbTFPMqD0\nrTGX43DVvaUluKBVu+8ZwBwZVXlYXr/zQDIPvq6qdHvdqfGShzg2Y9htkMEII3Ji\nFMVUTx4SEjyxE09+Pp/6PlVtwFQ3INMfMVIQzwRakDqvdiIMvgfGnDJrrTcP7gEX\nIGvno/Oq0fMIHoHqs7yD1QpL/Zr2YQIDAQABAoICAAjd6kBWf/mDOHzMLNuBJKOY\n0/Pl0IE+aR+hZvCVOaWQD3s4+lliBB2lTOwvTLTSLZVrOurKsWg+8Ts9PjkMrmgM\nHmuLzmLrrQHGh9A0Au5v2uH3EYO57xo/7q9lhd6oUc2RlSnj+b6cippEvP8H8CA2\nE8EbgREixtQxR21Mhzb7sqAkCc/oJEgXJsCSnRWd4RfdK+au8Sx+dV0ge+VfhISR\nzhB7h/eRBHwXnidV8c02rcOBxkjC11i+Pg6xwRL8KGXK5Klo62+zr9s98O+ACHDx\nTPogFc/h6vFQeWZnLh9fXTQx9N5qgiNbbcnqHKZ3Xfb3UYYeHjbrgm+GPaedKa+3\nEzgqf9zjUxh0GQgETm3Xuax+kbCBadnCKIgsOM2MrgkzdRBegJZOBH2bzJhDZGi+\nJagu3adL4/ECXfKCF8JQ6xNVDFq94yiXGrgooW8jCpA1N3rvP1rHtRIrTQtbTjC8\nXqnO7OUgqzce5XdkB5iJB97ZSbG6+eTPUjr2Mi4ET7kIiluOTH2Dzt+9yDG3Z0nC\nM1d9QL21pOnytd8jUYIwtvabcQiu8KIR4UsuC375L1HbYYcscjIJYdQKVWz6zgMB\nwDf6rvtfnlEFGXByFs7LgljgBr1Z93XLR0jL1XuRsdklmzegQ3/gLC9cMeOwp4lT\nivCdGQvrUgGSvfgBv+WhAoIBAQDO8qRRvbf1yeyN/Rm6gGqVtO1q4m7PEoG5uFIl\nnAZbO+XKh759zcG0fytZ+zgS/iVcCvk9e4bLKor4lpybOVO9G950UenAsslx7zBN\npPR3jg/KVH70QYlAAMuc1zhQsIwm2AYPG1CQzdzq95RancHk5W2bLvPHfn4kUy/b\nC23yTS7QZeyO2YvdPfWxfMGDGbyEE+9+gy6XyKZSONktlX677PP7UKRGTyqMxhi1\nF/9a8wIAGzzOPxi7f5yl358N+YL6ijmWtOJAtoG6kH+x8K5pkrFiXT1AD8/t3kMr\napXMb2XmSkzkRBbF1DJhG7l+EKiOsYIbHrf+BdqpJRg6QEjVAoIBAQDnvGqugpxO\n1+FZito1TyV+lQ8VxZruhwHLKxaFRFkMH6CCqP4fwWtGKHdLJ3YCAme/FEKhYo4A\nF6Zk0qhlJK8hqzU3ntgBzrnYPwjVu3C99+1HVv24elQNhi7Qsqw+nMnUtVJ+IfNO\nvtVjl8vk2RKuBSQ0F2XCMXD5JUaG7N36u9DzCF/It4KbgL46RHn6lWSydiseh90q\nNK3jwG/CKbV4eZfpTgP7peUKltEPXjHmQ02VzSevFUoOVa/MMoPiUcytdzv+F7dX\nZbRQEbfKxyd47oew8rtm8eugIFY/Tgs7F7sKYn09OEjnzIpEFEZdvTZ++9uCLXip\nq7GHCxpeLv1dAoIBAHapNoMQL40ljRgVSk1gGL1ikse4siTVzcB56dBa2GIzxB0P\nHLDx6+HdETR1EcACLdXLDQKt86pG6IyFf6KZimRiuHkmBsxRN6S2q5G5xdtPf8pa\nDLltYo9qZVW3KjlKIfKb501+MgH1qHiqIUycLHNdAi37DBkVdKrLcCM/OHm4u+EO\nsEdwgfwH7PsqN6M+fJOXArod6fdqO8PliNHUaGjFA1jU8nzGI/W4GK6t5eN2d20s\nMP9punq4P0/1GzReHzYdT8wUR68ndtdMx4t2H+u1CzUFlXtIFcekrAsXAHHKZjlX\n3SL9z7j7ZS+9P+0DDENVkO6P/JwRK0HVXUD5X0kCggEBALxL+VN7hY77E30yukP+\n37SPYgaK3m1a/jYb+NyowMJ9IGuK7ZLYE1aaovRKSDUxxyMYT1vbPQ8OKIJcOcCV\nokh1WXSseVBerdvsvD0PZXi27/K72MYBgDLNCVVDGXp24/kWrMUYyR7/KV0XhvGZ\nAPit7ND3AhRdIDMR+tC/v09xNUOFVm89zb6VSf0GjybyJTRtmHPiae9VhsY9I5Jd\nWbte8fT9E3dzQTztd0pJe7pijbRfUxOM9PPY5FPD6C4J0YpSDElW8/7sASveeb0n\nPgehqlg5o9TuVktyeyJNRArsKWsyxBjuly7ioKbY4qRgjtt3wtFwKU+U11enyfEl\ntXECggEAOjnZRzfbo127mimRwKXEluRIKs1megAsTq5MqZOaK/Xe6bN54kG6YJ90\nN3NoIYpqaj6zQVcyLgonP4f7LMQioCgpuPFlr5hBXVPv3u8luFudaELytFJoaCOG\n2DM+FFRwe7godmatU+7LRmwikXc1IAEg0zBYWTxv5pToU0skGKjxwigQC17eIkzS\nCiDJxoh+KpMg0MproM2HsPkLc2NMIG/W3q8EZAt94KsxTz0anni27D1WeA3wwVgD\nRBWwaUOgXRLT4EPdKkK2iLw4+cH+CbITaeCsASkb38ALaIHJAaROl2LUeoX+1kaH\nAMk+ke4ZRJ8Fs33sQj1YEf0Zc5JP7A==\n-----END PRIVATE KEY-----\n",
            "public_key_fingerprint_md5": "52:c2:e7:b2:62:e9:7b:7b:b3:21:8f:e2:7e:30:56:1f",
            "public_key_fingerprint_sha256": "SHA256:5QKFwrXxQB78RqrQMEbutc9zQblluRdBfzFAjFoS6jg",
            "public_key_openssh": "ssh-rsa AAAAB3NzaC1yc2EAAAADAQABAAACAQC7VUKz+MNtCOm4Fz6HgpH4Msy6U+GNXMqGkCPQztUmmUHMNfAE+1ZLtkR0jAo+THQqUjmbHo0zB+EmVPV17HqH4inlceHa3ihkpS+YqUZZsI1v5zLnB/20U0PIOoiuJgAn5H8MeR6/pvh5bQphIRs/EVPyEv7lvk4mobjouTvf475LfB4JEv8xonvEsWfWpplQkY8XLWDXM3xAhhvh6WDk9SigkKAHV/p6zyoAqxc0CCsYOZY+e8zMeA+Xq3kL0hBWGZ75CHzVLa8I5XDZ88f2PY8OHgjpCPsmaN5mtkONkxyEooBxgZ0e/pvsL2rWkpqvEGGAN9DhRuueV+gOGN2VK56n0YsMZvZLR4zp+pN+wuCI0bamzHvmjX7AtDM2GOwaUFkpL4vw8vaALCrF2U7MXirQoMsdAlLwB1Tf/b+Xo/fJ5wEUeOIb/LZ/Zdwq0aP3cGK12ACHj93zsPsst7QA3E6jyGMRKlkEWSwJYzKLV11wEavxR03fs0LXzNrE852ozR5rbTFPMqD0rTGX43DVvaUluKBVu+8ZwBwZVXlYXr/zQDIPvq6qdHvdqfGShzg2Y9htkMEII3JiFMVUTx4SEjyxE09+Pp/6PlVtwFQ3INMfMVIQzwRakDqvdiIMvgfGnDJrrTcP7gEXIGvno/Oq0fMIHoHqs7yD1QpL/Zr2YQ==\n",
            "public_key_pem": "-----BEGIN PUBLIC KEY-----\nMIICIjANBgkqhkiG9w0BAQEFAAOCAg8AMIICCgKCAgEAu1VCs/jDbQjpuBc+h4KR\n+DLMulPhjVzKhpAj0M7VJplBzDXwBPtWS7ZEdIwKPkx0KlI5mx6NMwfhJlT1dex6\nh+Ip5XHh2t4oZKUvmKlGWbCNb+cy5wf9tFNDyDqIriYAJ+R/DHkev6b4eW0KYSEb\nPxFT8hL+5b5OJqG46Lk73+O+S3weCRL/MaJ7xLFn1qaZUJGPFy1g1zN8QIYb4elg\n5PUooJCgB1f6es8qAKsXNAgrGDmWPnvMzHgPl6t5C9IQVhme+Qh81S2vCOVw2fPH\n9j2PDh4I6Qj7JmjeZrZDjZMchKKAcYGdHv6b7C9q1pKarxBhgDfQ4UbrnlfoDhjd\nlSuep9GLDGb2S0eM6fqTfsLgiNG2psx75o1+wLQzNhjsGlBZKS+L8PL2gCwqxdlO\nzF4q0KDLHQJS8AdU3/2/l6P3yecBFHjiG/y2f2XcKtGj93BitdgAh4/d87D7LLe0\nANxOo8hjESpZBFksCWMyi1ddcBGr8UdN37NC18zaxPOdqM0ea20xTzKg9K0xl+Nw\n1b2lJbigVbvvGcAcGVV5WF6/80AyD76uqnR73anxkoc4NmPYbZDBCCNyYhTFVE8e\nEhI8sRNPfj6f+j5VbcBUNyDTHzFSEM8EWpA6r3YiDL4Hxpwya603D+4BFyBr56Pz\nqtHzCB6B6rO8g9UKS/2a9mECAwEAAQ==\n-----END PUBLIC KEY-----\n",
            "rsa_bits": 4096
          },
          "sensitive_attributes": []
        }
      ]
    }
  ],
  "check_results": null
}
